
Microsoft Visual Studio Solution File, Format Version 12.00
# Visual Studio 2013
VisualStudioVersion = 12.0.31101.0
MinimumVisualStudioVersion = 10.0.40219.1
Project("{FAE04EC0-301F-11D3-BF4B-00C04F79EFBC}") = "CobaltFrame", "CobaltFrame\CobaltFrame.csproj", "{96E9B4BD-49CC-4657-9694-EF801E031577}"
EndProject
Project("{2150E333-8FDC-42A3-9474-1A3956D46DE8}") = ".nuget", ".nuget", "{A5C4B73E-1C1E-4B2C-83A5-54F7F8EA31FC}"
	ProjectSection(SolutionItems) = preProject
		.nuget\NuGet.Config = .nuget\NuGet.Config
		.nuget\NuGet.exe = .nuget\NuGet.exe
		.nuget\NuGet.targets = .nuget\NuGet.targets
	EndProjectSection
EndProject
Project("{FAE04EC0-301F-11D3-BF4B-00C04F79EFBC}") = "CobaltFrame.Windows.Test", "CobaltFrame.Windows.Test\CobaltFrame.Windows.Test.csproj", "{A1C5C799-9826-42C2-B2D2-A623750B5655}"
EndProject
Project("{2150E333-8FDC-42A3-9474-1A3956D46DE8}") = "CobaltFrame.Universal.Test", "CobaltFrame.Universal.Test", "{EBE7632C-5AE2-4262-8BCD-C83C5B998AB4}"
EndProject
Project("{D954291E-2A0B-460D-934E-DC6B0785DB48}") = "CobaltFrame.Universal.Test.Shared", "CobaltFrame.Universal.Test\CobaltFrame.Universal.Test.Shared\CobaltFrame.Universal.Test.Shared.shproj", "{C7878B0A-A427-4AAE-9A65-DAF2F4E0B3DF}"
EndProject
Project("{FAE04EC0-301F-11D3-BF4B-00C04F79EFBC}") = "CobaltFrame.Universal.Test.Windows", "CobaltFrame.Universal.Test\CobaltFrame.Universal.Test.Windows\CobaltFrame.Universal.Test.Windows.csproj", "{28A1C3D9-B1D8-410F-A4FE-80A06ACC9A2D}"
EndProject
Project("{FAE04EC0-301F-11D3-BF4B-00C04F79EFBC}") = "CobaltFrame.Universal.Test.WindowsPhone", "CobaltFrame.Universal.Test\CobaltFrame.Universal.Test.WindowsPhone\CobaltFrame.Universal.Test.WindowsPhone.csproj", "{EBB07B7D-B41D-4797-AE5C-360E2B6AF7AA}"
EndProject
Global
	GlobalSection(SharedMSBuildProjectFiles) = preSolution
		CobaltFrame.Universal.Test\CobaltFrame.Universal.Test.Shared\Shared.Application.Shared.projitems*{c7878b0a-a427-4aae-9a65-daf2f4e0b3df}*SharedItemsImports = 13
		CobaltFrame.Universal.Test\CobaltFrame.Universal.Test.Shared\Shared.Application.Shared.projitems*{28a1c3d9-b1d8-410f-a4fe-80a06acc9a2d}*SharedItemsImports = 4
		CobaltFrame.Universal.Test\CobaltFrame.Universal.Test.Shared\Shared.Application.Shared.projitems*{ebb07b7d-b41d-4797-ae5c-360e2b6af7aa}*SharedItemsImports = 4
	EndGlobalSection
	GlobalSection(SolutionConfigurationPlatforms) = preSolution
		Ad-Hoc|Any CPU = Ad-Hoc|Any CPU
		Ad-Hoc|ARM = Ad-Hoc|ARM
		Ad-Hoc|iPhone = Ad-Hoc|iPhone
		Ad-Hoc|iPhoneSimulator = Ad-Hoc|iPhoneSimulator
		Ad-Hoc|Mixed Platforms = Ad-Hoc|Mixed Platforms
		Ad-Hoc|x64 = Ad-Hoc|x64
		Ad-Hoc|x86 = Ad-Hoc|x86
		AppStore|Any CPU = AppStore|Any CPU
		AppStore|ARM = AppStore|ARM
		AppStore|iPhone = AppStore|iPhone
		AppStore|iPhoneSimulator = AppStore|iPhoneSimulator
		AppStore|Mixed Platforms = AppStore|Mixed Platforms
		AppStore|x64 = AppStore|x64
		AppStore|x86 = AppStore|x86
		Debug|Any CPU = Debug|Any CPU
		Debug|ARM = Debug|ARM
		Debug|iPhone = Debug|iPhone
		Debug|iPhoneSimulator = Debug|iPhoneSimulator
		Debug|Mixed Platforms = Debug|Mixed Platforms
		Debug|x64 = Debug|x64
		Debug|x86 = Debug|x86
		Release|Any CPU = Release|Any CPU
		Release|ARM = Release|ARM
		Release|iPhone = Release|iPhone
		Release|iPhoneSimulator = Release|iPhoneSimulator
		Release|Mixed Platforms = Release|Mixed Platforms
		Release|x64 = Release|x64
		Release|x86 = Release|x86
	EndGlobalSection
	GlobalSection(ProjectConfigurationPlatforms) = postSolution
		{96E9B4BD-49CC-4657-9694-EF801E031577}.Ad-Hoc|Any CPU.ActiveCfg = Release|Any CPU
		{96E9B4BD-49CC-4657-9694-EF801E031577}.Ad-Hoc|Any CPU.Build.0 = Release|Any CPU
		{96E9B4BD-49CC-4657-9694-EF801E031577}.Ad-Hoc|ARM.ActiveCfg = Debug|Any CPU
		{96E9B4BD-49CC-4657-9694-EF801E031577}.Ad-Hoc|iPhone.ActiveCfg = Release|Any CPU
		{96E9B4BD-49CC-4657-9694-EF801E031577}.Ad-Hoc|iPhoneSimulator.ActiveCfg = Release|Any CPU
		{96E9B4BD-49CC-4657-9694-EF801E031577}.Ad-Hoc|Mixed Platforms.ActiveCfg = Release|Any CPU
		{96E9B4BD-49CC-4657-9694-EF801E031577}.Ad-Hoc|Mixed Platforms.Build.0 = Release|Any CPU
		{96E9B4BD-49CC-4657-9694-EF801E031577}.Ad-Hoc|x64.ActiveCfg = Debug|Any CPU
		{96E9B4BD-49CC-4657-9694-EF801E031577}.Ad-Hoc|x86.ActiveCfg = Debug|Any CPU
		{96E9B4BD-49CC-4657-9694-EF801E031577}.AppStore|Any CPU.ActiveCfg = Release|Any CPU
		{96E9B4BD-49CC-4657-9694-EF801E031577}.AppStore|Any CPU.Build.0 = Release|Any CPU
		{96E9B4BD-49CC-4657-9694-EF801E031577}.AppStore|ARM.ActiveCfg = Debug|Any CPU
		{96E9B4BD-49CC-4657-9694-EF801E031577}.AppStore|iPhone.ActiveCfg = Release|Any CPU
		{96E9B4BD-49CC-4657-9694-EF801E031577}.AppStore|iPhoneSimulator.ActiveCfg = Release|Any CPU
		{96E9B4BD-49CC-4657-9694-EF801E031577}.AppStore|Mixed Platforms.ActiveCfg = Release|Any CPU
		{96E9B4BD-49CC-4657-9694-EF801E031577}.AppStore|Mixed Platforms.Build.0 = Release|Any CPU
		{96E9B4BD-49CC-4657-9694-EF801E031577}.AppStore|x64.ActiveCfg = Debug|Any CPU
		{96E9B4BD-49CC-4657-9694-EF801E031577}.AppStore|x86.ActiveCfg = Debug|Any CPU
		{96E9B4BD-49CC-4657-9694-EF801E031577}.Debug|Any CPU.ActiveCfg = Debug|Any CPU
		{96E9B4BD-49CC-4657-9694-EF801E031577}.Debug|Any CPU.Build.0 = Debug|Any CPU
		{96E9B4BD-49CC-4657-9694-EF801E031577}.Debug|ARM.ActiveCfg = Debug|Any CPU
		{96E9B4BD-49CC-4657-9694-EF801E031577}.Debug|iPhone.ActiveCfg = Debug|Any CPU
		{96E9B4BD-49CC-4657-9694-EF801E031577}.Debug|iPhoneSimulator.ActiveCfg = Debug|Any CPU
		{96E9B4BD-49CC-4657-9694-EF801E031577}.Debug|Mixed Platforms.ActiveCfg = Debug|Any CPU
		{96E9B4BD-49CC-4657-9694-EF801E031577}.Debug|Mixed Platforms.Build.0 = Debug|Any CPU
		{96E9B4BD-49CC-4657-9694-EF801E031577}.Debug|x64.ActiveCfg = Debug|Any CPU
		{96E9B4BD-49CC-4657-9694-EF801E031577}.Debug|x86.ActiveCfg = Debug|Any CPU
		{96E9B4BD-49CC-4657-9694-EF801E031577}.Release|Any CPU.ActiveCfg = Release|Any CPU
		{96E9B4BD-49CC-4657-9694-EF801E031577}.Release|Any CPU.Build.0 = Release|Any CPU
		{96E9B4BD-49CC-4657-9694-EF801E031577}.Release|ARM.ActiveCfg = Release|Any CPU
		{96E9B4BD-49CC-4657-9694-EF801E031577}.Release|iPhone.ActiveCfg = Release|Any CPU
		{96E9B4BD-49CC-4657-9694-EF801E031577}.Release|iPhoneSimulator.ActiveCfg = Release|Any CPU
		{96E9B4BD-49CC-4657-9694-EF801E031577}.Release|Mixed Platforms.ActiveCfg = Release|Any CPU
		{96E9B4BD-49CC-4657-9694-EF801E031577}.Release|Mixed Platforms.Build.0 = Release|Any CPU
		{96E9B4BD-49CC-4657-9694-EF801E031577}.Release|x64.ActiveCfg = Release|Any CPU
		{96E9B4BD-49CC-4657-9694-EF801E031577}.Release|x86.ActiveCfg = Release|Any CPU
		{A1C5C799-9826-42C2-B2D2-A623750B5655}.Ad-Hoc|Any CPU.ActiveCfg = Release|x86
		{A1C5C799-9826-42C2-B2D2-A623750B5655}.Ad-Hoc|ARM.ActiveCfg = Debug|x86
		{A1C5C799-9826-42C2-B2D2-A623750B5655}.Ad-Hoc|iPhone.ActiveCfg = Release|x86
		{A1C5C799-9826-42C2-B2D2-A623750B5655}.Ad-Hoc|iPhoneSimulator.ActiveCfg = Release|x86
		{A1C5C799-9826-42C2-B2D2-A623750B5655}.Ad-Hoc|Mixed Platforms.ActiveCfg = Release|x86
		{A1C5C799-9826-42C2-B2D2-A623750B5655}.Ad-Hoc|Mixed Platforms.Build.0 = Release|x86
		{A1C5C799-9826-42C2-B2D2-A623750B5655}.Ad-Hoc|x64.ActiveCfg = Debug|x86
		{A1C5C799-9826-42C2-B2D2-A623750B5655}.Ad-Hoc|x86.ActiveCfg = Release|x86
		{A1C5C799-9826-42C2-B2D2-A623750B5655}.Ad-Hoc|x86.Build.0 = Release|x86
		{A1C5C799-9826-42C2-B2D2-A623750B5655}.AppStore|Any CPU.ActiveCfg = Release|x86
		{A1C5C799-9826-42C2-B2D2-A623750B5655}.AppStore|ARM.ActiveCfg = Debug|x86
		{A1C5C799-9826-42C2-B2D2-A623750B5655}.AppStore|iPhone.ActiveCfg = Release|x86
		{A1C5C799-9826-42C2-B2D2-A623750B5655}.AppStore|iPhoneSimulator.ActiveCfg = Release|x86
		{A1C5C799-9826-42C2-B2D2-A623750B5655}.AppStore|Mixed Platforms.ActiveCfg = Release|x86
		{A1C5C799-9826-42C2-B2D2-A623750B5655}.AppStore|Mixed Platforms.Build.0 = Release|x86
		{A1C5C799-9826-42C2-B2D2-A623750B5655}.AppStore|x64.ActiveCfg = Debug|x86
		{A1C5C799-9826-42C2-B2D2-A623750B5655}.AppStore|x86.ActiveCfg = Release|x86
		{A1C5C799-9826-42C2-B2D2-A623750B5655}.AppStore|x86.Build.0 = Release|x86
		{A1C5C799-9826-42C2-B2D2-A623750B5655}.Debug|Any CPU.ActiveCfg = Debug|x86
		{A1C5C799-9826-42C2-B2D2-A623750B5655}.Debug|ARM.ActiveCfg = Debug|x86
		{A1C5C799-9826-42C2-B2D2-A623750B5655}.Debug|iPhone.ActiveCfg = Debug|x86
		{A1C5C799-9826-42C2-B2D2-A623750B5655}.Debug|iPhoneSimulator.ActiveCfg = Debug|x86
		{A1C5C799-9826-42C2-B2D2-A623750B5655}.Debug|Mixed Platforms.ActiveCfg = Debug|x86
		{A1C5C799-9826-42C2-B2D2-A623750B5655}.Debug|Mixed Platforms.Build.0 = Debug|x86
		{A1C5C799-9826-42C2-B2D2-A623750B5655}.Debug|x64.ActiveCfg = Debug|x86
		{A1C5C799-9826-42C2-B2D2-A623750B5655}.Debug|x86.ActiveCfg = Debug|x86
		{A1C5C799-9826-42C2-B2D2-A623750B5655}.Debug|x86.Build.0 = Debug|x86
		{A1C5C799-9826-42C2-B2D2-A623750B5655}.Release|Any CPU.ActiveCfg = Release|x86
		{A1C5C799-9826-42C2-B2D2-A623750B5655}.Release|ARM.ActiveCfg = Release|x86
		{A1C5C799-9826-42C2-B2D2-A623750B5655}.Release|iPhone.ActiveCfg = Release|x86
		{A1C5C799-9826-42C2-B2D2-A623750B5655}.Release|iPhoneSimulator.ActiveCfg = Release|x86
		{A1C5C799-9826-42C2-B2D2-A623750B5655}.Release|Mixed Platforms.ActiveCfg = Release|x86
		{A1C5C799-9826-42C2-B2D2-A623750B5655}.Release|Mixed Platforms.Build.0 = Release|x86
		{A1C5C799-9826-42C2-B2D2-A623750B5655}.Release|x64.ActiveCfg = Release|x86
		{A1C5C799-9826-42C2-B2D2-A623750B5655}.Release|x86.ActiveCfg = Release|x86
		{A1C5C799-9826-42C2-B2D2-A623750B5655}.Release|x86.Build.0 = Release|x86
		{28A1C3D9-B1D8-410F-A4FE-80A06ACC9A2D}.Ad-Hoc|Any CPU.ActiveCfg = Release|Any CPU
		{28A1C3D9-B1D8-410F-A4FE-80A06ACC9A2D}.Ad-Hoc|Any CPU.Build.0 = Release|Any CPU
		{28A1C3D9-B1D8-410F-A4FE-80A06ACC9A2D}.Ad-Hoc|Any CPU.Deploy.0 = Release|Any CPU
		{28A1C3D9-B1D8-410F-A4FE-80A06ACC9A2D}.Ad-Hoc|ARM.ActiveCfg = Release|ARM
		{28A1C3D9-B1D8-410F-A4FE-80A06ACC9A2D}.Ad-Hoc|ARM.Build.0 = Release|ARM
		{28A1C3D9-B1D8-410F-A4FE-80A06ACC9A2D}.Ad-Hoc|ARM.Deploy.0 = Release|ARM
		{28A1C3D9-B1D8-410F-A4FE-80A06ACC9A2D}.Ad-Hoc|iPhone.ActiveCfg = Release|Any CPU
		{28A1C3D9-B1D8-410F-A4FE-80A06ACC9A2D}.Ad-Hoc|iPhoneSimulator.ActiveCfg = Release|Any CPU
		{28A1C3D9-B1D8-410F-A4FE-80A06ACC9A2D}.Ad-Hoc|Mixed Platforms.ActiveCfg = Release|x86
		{28A1C3D9-B1D8-410F-A4FE-80A06ACC9A2D}.Ad-Hoc|Mixed Platforms.Build.0 = Release|x86
		{28A1C3D9-B1D8-410F-A4FE-80A06ACC9A2D}.Ad-Hoc|Mixed Platforms.Deploy.0 = Release|x86
		{28A1C3D9-B1D8-410F-A4FE-80A06ACC9A2D}.Ad-Hoc|x64.ActiveCfg = Release|x64
		{28A1C3D9-B1D8-410F-A4FE-80A06ACC9A2D}.Ad-Hoc|x64.Build.0 = Release|x64
		{28A1C3D9-B1D8-410F-A4FE-80A06ACC9A2D}.Ad-Hoc|x64.Deploy.0 = Release|x64
		{28A1C3D9-B1D8-410F-A4FE-80A06ACC9A2D}.Ad-Hoc|x86.ActiveCfg = Release|x86
		{28A1C3D9-B1D8-410F-A4FE-80A06ACC9A2D}.Ad-Hoc|x86.Build.0 = Release|x86
		{28A1C3D9-B1D8-410F-A4FE-80A06ACC9A2D}.Ad-Hoc|x86.Deploy.0 = Release|x86
		{28A1C3D9-B1D8-410F-A4FE-80A06ACC9A2D}.AppStore|Any CPU.ActiveCfg = Release|Any CPU
		{28A1C3D9-B1D8-410F-A4FE-80A06ACC9A2D}.AppStore|Any CPU.Build.0 = Release|Any CPU
		{28A1C3D9-B1D8-410F-A4FE-80A06ACC9A2D}.AppStore|Any CPU.Deploy.0 = Release|Any CPU
		{28A1C3D9-B1D8-410F-A4FE-80A06ACC9A2D}.AppStore|ARM.ActiveCfg = Release|ARM
		{28A1C3D9-B1D8-410F-A4FE-80A06ACC9A2D}.AppStore|ARM.Build.0 = Release|ARM
		{28A1C3D9-B1D8-410F-A4FE-80A06ACC9A2D}.AppStore|ARM.Deploy.0 = Release|ARM
		{28A1C3D9-B1D8-410F-A4FE-80A06ACC9A2D}.AppStore|iPhone.ActiveCfg = Release|Any CPU
		{28A1C3D9-B1D8-410F-A4FE-80A06ACC9A2D}.AppStore|iPhoneSimulator.ActiveCfg = Release|Any CPU
		{28A1C3D9-B1D8-410F-A4FE-80A06ACC9A2D}.AppStore|Mixed Platforms.ActiveCfg = Release|x86
		{28A1C3D9-B1D8-410F-A4FE-80A06ACC9A2D}.AppStore|Mixed Platforms.Build.0 = Release|x86
		{28A1C3D9-B1D8-410F-A4FE-80A06ACC9A2D}.AppStore|Mixed Platforms.Deploy.0 = Release|x86
		{28A1C3D9-B1D8-410F-A4FE-80A06ACC9A2D}.AppStore|x64.ActiveCfg = Release|x64
		{28A1C3D9-B1D8-410F-A4FE-80A06ACC9A2D}.AppStore|x64.Build.0 = Release|x64
		{28A1C3D9-B1D8-410F-A4FE-80A06ACC9A2D}.AppStore|x64.Deploy.0 = Release|x64
		{28A1C3D9-B1D8-410F-A4FE-80A06ACC9A2D}.AppStore|x86.ActiveCfg = Release|x86
		{28A1C3D9-B1D8-410F-A4FE-80A06ACC9A2D}.AppStore|x86.Build.0 = Release|x86
		{28A1C3D9-B1D8-410F-A4FE-80A06ACC9A2D}.AppStore|x86.Deploy.0 = Release|x86
		{28A1C3D9-B1D8-410F-A4FE-80A06ACC9A2D}.Debug|Any CPU.ActiveCfg = Debug|Any CPU
		{28A1C3D9-B1D8-410F-A4FE-80A06ACC9A2D}.Debug|Any CPU.Build.0 = Debug|Any CPU
		{28A1C3D9-B1D8-410F-A4FE-80A06ACC9A2D}.Debug|Any CPU.Deploy.0 = Debug|Any CPU
		{28A1C3D9-B1D8-410F-A4FE-80A06ACC9A2D}.Debug|ARM.ActiveCfg = Debug|ARM
		{28A1C3D9-B1D8-410F-A4FE-80A06ACC9A2D}.Debug|ARM.Build.0 = Debug|ARM
		{28A1C3D9-B1D8-410F-A4FE-80A06ACC9A2D}.Debug|ARM.Deploy.0 = Debug|ARM
		{28A1C3D9-B1D8-410F-A4FE-80A06ACC9A2D}.Debug|iPhone.ActiveCfg = Debug|Any CPU
		{28A1C3D9-B1D8-410F-A4FE-80A06ACC9A2D}.Debug|iPhoneSimulator.ActiveCfg = Debug|Any CPU
		{28A1C3D9-B1D8-410F-A4FE-80A06ACC9A2D}.Debug|Mixed Platforms.ActiveCfg = Debug|x86
		{28A1C3D9-B1D8-410F-A4FE-80A06ACC9A2D}.Debug|Mixed Platforms.Build.0 = Debug|x86
		{28A1C3D9-B1D8-410F-A4FE-80A06ACC9A2D}.Debug|Mixed Platforms.Deploy.0 = Debug|x86
		{28A1C3D9-B1D8-410F-A4FE-80A06ACC9A2D}.Debug|x64.ActiveCfg = Debug|x64
		{28A1C3D9-B1D8-410F-A4FE-80A06ACC9A2D}.Debug|x64.Build.0 = Debug|x64
		{28A1C3D9-B1D8-410F-A4FE-80A06ACC9A2D}.Debug|x64.Deploy.0 = Debug|x64
		{28A1C3D9-B1D8-410F-A4FE-80A06ACC9A2D}.Debug|x86.ActiveCfg = Debug|x86
		{28A1C3D9-B1D8-410F-A4FE-80A06ACC9A2D}.Debug|x86.Build.0 = Debug|x86
		{28A1C3D9-B1D8-410F-A4FE-80A06ACC9A2D}.Debug|x86.Deploy.0 = Debug|x86
		{28A1C3D9-B1D8-410F-A4FE-80A06ACC9A2D}.Release|Any CPU.ActiveCfg = Release|Any CPU
		{28A1C3D9-B1D8-410F-A4FE-80A06ACC9A2D}.Release|Any CPU.Build.0 = Release|Any CPU
		{28A1C3D9-B1D8-410F-A4FE-80A06ACC9A2D}.Release|Any CPU.Deploy.0 = Release|Any CPU
		{28A1C3D9-B1D8-410F-A4FE-80A06ACC9A2D}.Release|ARM.ActiveCfg = Release|ARM
		{28A1C3D9-B1D8-410F-A4FE-80A06ACC9A2D}.Release|ARM.Build.0 = Release|ARM
		{28A1C3D9-B1D8-410F-A4FE-80A06ACC9A2D}.Release|ARM.Deploy.0 = Release|ARM
		{28A1C3D9-B1D8-410F-A4FE-80A06ACC9A2D}.Release|iPhone.ActiveCfg = Release|Any CPU
		{28A1C3D9-B1D8-410F-A4FE-80A06ACC9A2D}.Release|iPhoneSimulator.ActiveCfg = Release|Any CPU
		{28A1C3D9-B1D8-410F-A4FE-80A06ACC9A2D}.Release|Mixed Platforms.ActiveCfg = Release|x86
		{28A1C3D9-B1D8-410F-A4FE-80A06ACC9A2D}.Release|Mixed Platforms.Build.0 = Release|x86
		{28A1C3D9-B1D8-410F-A4FE-80A06ACC9A2D}.Release|Mixed Platforms.Deploy.0 = Release|x86
		{28A1C3D9-B1D8-410F-A4FE-80A06ACC9A2D}.Release|x64.ActiveCfg = Release|x64
		{28A1C3D9-B1D8-410F-A4FE-80A06ACC9A2D}.Release|x64.Build.0 = Release|x64
		{28A1C3D9-B1D8-410F-A4FE-80A06ACC9A2D}.Release|x64.Deploy.0 = Release|x64
		{28A1C3D9-B1D8-410F-A4FE-80A06ACC9A2D}.Release|x86.ActiveCfg = Release|x86
		{28A1C3D9-B1D8-410F-A4FE-80A06ACC9A2D}.Release|x86.Build.0 = Release|x86
		{28A1C3D9-B1D8-410F-A4FE-80A06ACC9A2D}.Release|x86.Deploy.0 = Release|x86
		{EBB07B7D-B41D-4797-AE5C-360E2B6AF7AA}.Ad-Hoc|Any CPU.ActiveCfg = Release|Any CPU
		{EBB07B7D-B41D-4797-AE5C-360E2B6AF7AA}.Ad-Hoc|Any CPU.Build.0 = Release|Any CPU
		{EBB07B7D-B41D-4797-AE5C-360E2B6AF7AA}.Ad-Hoc|Any CPU.Deploy.0 = Release|Any CPU
		{EBB07B7D-B41D-4797-AE5C-360E2B6AF7AA}.Ad-Hoc|ARM.ActiveCfg = Release|ARM
		{EBB07B7D-B41D-4797-AE5C-360E2B6AF7AA}.Ad-Hoc|ARM.Build.0 = Release|ARM
		{EBB07B7D-B41D-4797-AE5C-360E2B6AF7AA}.Ad-Hoc|ARM.Deploy.0 = Release|ARM
		{EBB07B7D-B41D-4797-AE5C-360E2B6AF7AA}.Ad-Hoc|iPhone.ActiveCfg = Release|Any CPU
		{EBB07B7D-B41D-4797-AE5C-360E2B6AF7AA}.Ad-Hoc|iPhoneSimulator.ActiveCfg = Release|Any CPU
		{EBB07B7D-B41D-4797-AE5C-360E2B6AF7AA}.Ad-Hoc|Mixed Platforms.ActiveCfg = Release|x86
		{EBB07B7D-B41D-4797-AE5C-360E2B6AF7AA}.Ad-Hoc|Mixed Platforms.Build.0 = Release|x86
		{EBB07B7D-B41D-4797-AE5C-360E2B6AF7AA}.Ad-Hoc|Mixed Platforms.Deploy.0 = Release|x86
		{EBB07B7D-B41D-4797-AE5C-360E2B6AF7AA}.Ad-Hoc|x64.ActiveCfg = Release|Any CPU
		{EBB07B7D-B41D-4797-AE5C-360E2B6AF7AA}.Ad-Hoc|x86.ActiveCfg = Release|x86
		{EBB07B7D-B41D-4797-AE5C-360E2B6AF7AA}.Ad-Hoc|x86.Build.0 = Release|x86
		{EBB07B7D-B41D-4797-AE5C-360E2B6AF7AA}.Ad-Hoc|x86.Deploy.0 = Release|x86
		{EBB07B7D-B41D-4797-AE5C-360E2B6AF7AA}.AppStore|Any CPU.ActiveCfg = Release|Any CPU
		{EBB07B7D-B41D-4797-AE5C-360E2B6AF7AA}.AppStore|Any CPU.Build.0 = Release|Any CPU
		{EBB07B7D-B41D-4797-AE5C-360E2B6AF7AA}.AppStore|Any CPU.Deploy.0 = Release|Any CPU
		{EBB07B7D-B41D-4797-AE5C-360E2B6AF7AA}.AppStore|ARM.ActiveCfg = Release|ARM
		{EBB07B7D-B41D-4797-AE5C-360E2B6AF7AA}.AppStore|ARM.Build.0 = Release|ARM
		{EBB07B7D-B41D-4797-AE5C-360E2B6AF7AA}.AppStore|ARM.Deploy.0 = Release|ARM
		{EBB07B7D-B41D-4797-AE5C-360E2B6AF7AA}.AppStore|iPhone.ActiveCfg = Release|Any CPU
		{EBB07B7D-B41D-4797-AE5C-360E2B6AF7AA}.AppStore|iPhoneSimulator.ActiveCfg = Release|Any CPU
		{EBB07B7D-B41D-4797-AE5C-360E2B6AF7AA}.AppStore|Mixed Platforms.ActiveCfg = Release|x86
		{EBB07B7D-B41D-4797-AE5C-360E2B6AF7AA}.AppStore|Mixed Platforms.Build.0 = Release|x86
		{EBB07B7D-B41D-4797-AE5C-360E2B6AF7AA}.AppStore|Mixed Platforms.Deploy.0 = Release|x86
		{EBB07B7D-B41D-4797-AE5C-360E2B6AF7AA}.AppStore|x64.ActiveCfg = Release|Any CPU
		{EBB07B7D-B41D-4797-AE5C-360E2B6AF7AA}.AppStore|x86.ActiveCfg = Release|x86
		{EBB07B7D-B41D-4797-AE5C-360E2B6AF7AA}.AppStore|x86.Build.0 = Release|x86
		{EBB07B7D-B41D-4797-AE5C-360E2B6AF7AA}.AppStore|x86.Deploy.0 = Release|x86
		{EBB07B7D-B41D-4797-AE5C-360E2B6AF7AA}.Debug|Any CPU.ActiveCfg = Debug|Any CPU
		{EBB07B7D-B41D-4797-AE5C-360E2B6AF7AA}.Debug|Any CPU.Build.0 = Debug|Any CPU
		{EBB07B7D-B41D-4797-AE5C-360E2B6AF7AA}.Debug|Any CPU.Deploy.0 = Debug|Any CPU
		{EBB07B7D-B41D-4797-AE5C-360E2B6AF7AA}.Debug|ARM.ActiveCfg = Debug|ARM
		{EBB07B7D-B41D-4797-AE5C-360E2B6AF7AA}.Debug|ARM.Build.0 = Debug|ARM
		{EBB07B7D-B41D-4797-AE5C-360E2B6AF7AA}.Debug|ARM.Deploy.0 = Debug|ARM
		{EBB07B7D-B41D-4797-AE5C-360E2B6AF7AA}.Debug|iPhone.ActiveCfg = Debug|Any CPU
		{EBB07B7D-B41D-4797-AE5C-360E2B6AF7AA}.Debug|iPhoneSimulator.ActiveCfg = Debug|Any CPU
		{EBB07B7D-B41D-4797-AE5C-360E2B6AF7AA}.Debug|Mixed Platforms.ActiveCfg = Debug|x86
		{EBB07B7D-B41D-4797-AE5C-360E2B6AF7AA}.Debug|Mixed Platforms.Build.0 = Debug|x86
		{EBB07B7D-B41D-4797-AE5C-360E2B6AF7AA}.Debug|Mixed Platforms.Deploy.0 = Debug|x86
		{EBB07B7D-B41D-4797-AE5C-360E2B6AF7AA}.Debug|x64.ActiveCfg = Debug|Any CPU
		{EBB07B7D-B41D-4797-AE5C-360E2B6AF7AA}.Debug|x86.ActiveCfg = Debug|x86
		{EBB07B7D-B41D-4797-AE5C-360E2B6AF7AA}.Debug|x86.Build.0 = Debug|x86
		{EBB07B7D-B41D-4797-AE5C-360E2B6AF7AA}.Debug|x86.Deploy.0 = Debug|x86
		{EBB07B7D-B41D-4797-AE5C-360E2B6AF7AA}.Release|Any CPU.ActiveCfg = Release|Any CPU
		{EBB07B7D-B41D-4797-AE5C-360E2B6AF7AA}.Release|Any CPU.Build.0 = Release|Any CPU
		{EBB07B7D-B41D-4797-AE5C-360E2B6AF7AA}.Release|Any CPU.Deploy.0 = Release|Any CPU
		{EBB07B7D-B41D-4797-AE5C-360E2B6AF7AA}.Release|ARM.ActiveCfg = Release|ARM
		{EBB07B7D-B41D-4797-AE5C-360E2B6AF7AA}.Release|ARM.Build.0 = Release|ARM
		{EBB07B7D-B41D-4797-AE5C-360E2B6AF7AA}.Release|ARM.Deploy.0 = Release|ARM
		{EBB07B7D-B41D-4797-AE5C-360E2B6AF7AA}.Release|iPhone.ActiveCfg = Release|Any CPU
		{EBB07B7D-B41D-4797-AE5C-360E2B6AF7AA}.Release|iPhoneSimulator.ActiveCfg = Release|Any CPU
		{EBB07B7D-B41D-4797-AE5C-360E2B6AF7AA}.Release|Mixed Platforms.ActiveCfg = Release|x86
		{EBB07B7D-B41D-4797-AE5C-360E2B6AF7AA}.Release|Mixed Platforms.Build.0 = Release|x86
		{EBB07B7D-B41D-4797-AE5C-360E2B6AF7AA}.Release|Mixed Platforms.Deploy.0 = Release|x86
		{EBB07B7D-B41D-4797-AE5C-360E2B6AF7AA}.Release|x64.ActiveCfg = Release|Any CPU
		{EBB07B7D-B41D-4797-AE5C-360E2B6AF7AA}.Release|x86.ActiveCfg = Release|x86
		{EBB07B7D-B41D-4797-AE5C-360E2B6AF7AA}.Release|x86.Build.0 = Release|x86
		{EBB07B7D-B41D-4797-AE5C-360E2B6AF7AA}.Release|x86.Deploy.0 = Release|x86
	EndGlobalSection
	GlobalSection(SolutionProperties) = preSolution
		HideSolutionNode = FALSE
	EndGlobalSection
	GlobalSection(NestedProjects) = preSolution
		{C7878B0A-A427-4AAE-9A65-DAF2F4E0B3DF} = {EBE7632C-5AE2-4262-8BCD-C83C5B998AB4}
		{28A1C3D9-B1D8-410F-A4FE-80A06ACC9A2D} = {EBE7632C-5AE2-4262-8BCD-C83C5B998AB4}
		{EBB07B7D-B41D-4797-AE5C-360E2B6AF7AA} = {EBE7632C-5AE2-4262-8BCD-C83C5B998AB4}
	EndGlobalSection
EndGlobal
