
Microsoft Visual Studio Solution File, Format Version 12.00
# Visual Studio 2013
VisualStudioVersion = 12.0.31101.0
MinimumVisualStudioVersion = 10.0.40219.1
Project("{FAE04EC0-301F-11D3-BF4B-00C04F79EFBC}") = "HorizontalShootingGame.Portable", "HorizontalShootingGame.Portable\HorizontalShootingGame.Portable.csproj", "{2A01C06B-897B-412E-847E-2A50BA167DE5}"
EndProject
Project("{FAE04EC0-301F-11D3-BF4B-00C04F79EFBC}") = "HrizontalShootingGame.iOS", "HrizontalShootingGame.iOS\HrizontalShootingGame.iOS.csproj", "{70EF1915-0FC4-44A6-B816-6733DF06253A}"
EndProject
Project("{FAE04EC0-301F-11D3-BF4B-00C04F79EFBC}") = "HorizontalShootingGame.Android", "HorizontalShootingGame.Android\HorizontalShootingGame.Android.csproj", "{96EDE5CC-45C5-4886-A167-4077ADC5B0FB}"
EndProject
Project("{2150E333-8FDC-42A3-9474-1A3956D46DE8}") = "HorizontalShootingGame", "HorizontalShootingGame", "{6ED6D0C5-9636-4FE9-BA39-BB3FE809FFCF}"
EndProject
Project("{D954291E-2A0B-460D-934E-DC6B0785DB48}") = "HorizontalShootingGame.Shared", "HorizontalShootingGame\HorizontalShootingGame.Shared\HorizontalShootingGame.Shared.shproj", "{7206D9C4-B385-429A-81A8-83C0D3B083C2}"
EndProject
Project("{FAE04EC0-301F-11D3-BF4B-00C04F79EFBC}") = "HorizontalShootingGame.Windows", "HorizontalShootingGame\HorizontalShootingGame.Windows\HorizontalShootingGame.Windows.csproj", "{CB66262E-F847-4983-985C-31511D467742}"
EndProject
Project("{FAE04EC0-301F-11D3-BF4B-00C04F79EFBC}") = "HorizontalShootingGame.WindowsPhone", "HorizontalShootingGame\HorizontalShootingGame.WindowsPhone\HorizontalShootingGame.WindowsPhone.csproj", "{526E491F-6800-4E45-B45D-9B3AF33DB7A6}"
EndProject
Project("{FAE04EC0-301F-11D3-BF4B-00C04F79EFBC}") = "CobaltFrame", "..\..\Framework\CobaltFrame\CobaltFrame.csproj", "{96E9B4BD-49CC-4657-9694-EF801E031577}"
EndProject
Project("{2150E333-8FDC-42A3-9474-1A3956D46DE8}") = ".nuget", ".nuget", "{5B960CA9-22C1-4DD2-BD35-9D318785DCF1}"
	ProjectSection(SolutionItems) = preProject
		.nuget\NuGet.Config = .nuget\NuGet.Config
		.nuget\NuGet.exe = .nuget\NuGet.exe
		.nuget\NuGet.targets = .nuget\NuGet.targets
	EndProjectSection
EndProject
Global
	GlobalSection(SharedMSBuildProjectFiles) = preSolution
		HorizontalShootingGame\HorizontalShootingGame.Shared\Shared.Application.Shared.projitems*{526e491f-6800-4e45-b45d-9b3af33db7a6}*SharedItemsImports = 4
		HorizontalShootingGame\HorizontalShootingGame.Shared\Shared.Application.Shared.projitems*{cb66262e-f847-4983-985c-31511d467742}*SharedItemsImports = 4
		HorizontalShootingGame\HorizontalShootingGame.Shared\Shared.Application.Shared.projitems*{7206d9c4-b385-429a-81a8-83c0d3b083c2}*SharedItemsImports = 13
	EndGlobalSection
	GlobalSection(SolutionConfigurationPlatforms) = preSolution
		Ad-Hoc|Any CPU = Ad-Hoc|Any CPU
		Ad-Hoc|ARM = Ad-Hoc|ARM
		Ad-Hoc|iPhone = Ad-Hoc|iPhone
		Ad-Hoc|iPhoneSimulator = Ad-Hoc|iPhoneSimulator
		Ad-Hoc|Mixed Platforms = Ad-Hoc|Mixed Platforms
		Ad-Hoc|x64 = Ad-Hoc|x64
		Ad-Hoc|x86 = Ad-Hoc|x86
		AppStore|Any CPU = AppStore|Any CPU
		AppStore|ARM = AppStore|ARM
		AppStore|iPhone = AppStore|iPhone
		AppStore|iPhoneSimulator = AppStore|iPhoneSimulator
		AppStore|Mixed Platforms = AppStore|Mixed Platforms
		AppStore|x64 = AppStore|x64
		AppStore|x86 = AppStore|x86
		Debug|Any CPU = Debug|Any CPU
		Debug|ARM = Debug|ARM
		Debug|iPhone = Debug|iPhone
		Debug|iPhoneSimulator = Debug|iPhoneSimulator
		Debug|Mixed Platforms = Debug|Mixed Platforms
		Debug|x64 = Debug|x64
		Debug|x86 = Debug|x86
		Release|Any CPU = Release|Any CPU
		Release|ARM = Release|ARM
		Release|iPhone = Release|iPhone
		Release|iPhoneSimulator = Release|iPhoneSimulator
		Release|Mixed Platforms = Release|Mixed Platforms
		Release|x64 = Release|x64
		Release|x86 = Release|x86
	EndGlobalSection
	GlobalSection(ProjectConfigurationPlatforms) = postSolution
		{2A01C06B-897B-412E-847E-2A50BA167DE5}.Ad-Hoc|Any CPU.ActiveCfg = Release|Any CPU
		{2A01C06B-897B-412E-847E-2A50BA167DE5}.Ad-Hoc|ARM.ActiveCfg = Release|Any CPU
		{2A01C06B-897B-412E-847E-2A50BA167DE5}.Ad-Hoc|iPhone.ActiveCfg = Debug|Any CPU
		{2A01C06B-897B-412E-847E-2A50BA167DE5}.Ad-Hoc|iPhone.Build.0 = Debug|Any CPU
		{2A01C06B-897B-412E-847E-2A50BA167DE5}.Ad-Hoc|iPhoneSimulator.ActiveCfg = Release|Any CPU
		{2A01C06B-897B-412E-847E-2A50BA167DE5}.Ad-Hoc|Mixed Platforms.ActiveCfg = Debug|Any CPU
		{2A01C06B-897B-412E-847E-2A50BA167DE5}.Ad-Hoc|Mixed Platforms.Build.0 = Debug|Any CPU
		{2A01C06B-897B-412E-847E-2A50BA167DE5}.Ad-Hoc|x64.ActiveCfg = Release|Any CPU
		{2A01C06B-897B-412E-847E-2A50BA167DE5}.Ad-Hoc|x86.ActiveCfg = Release|Any CPU
		{2A01C06B-897B-412E-847E-2A50BA167DE5}.AppStore|Any CPU.ActiveCfg = Release|Any CPU
		{2A01C06B-897B-412E-847E-2A50BA167DE5}.AppStore|ARM.ActiveCfg = Release|Any CPU
		{2A01C06B-897B-412E-847E-2A50BA167DE5}.AppStore|iPhone.ActiveCfg = Debug|Any CPU
		{2A01C06B-897B-412E-847E-2A50BA167DE5}.AppStore|iPhone.Build.0 = Debug|Any CPU
		{2A01C06B-897B-412E-847E-2A50BA167DE5}.AppStore|iPhoneSimulator.ActiveCfg = Release|Any CPU
		{2A01C06B-897B-412E-847E-2A50BA167DE5}.AppStore|Mixed Platforms.ActiveCfg = Debug|Any CPU
		{2A01C06B-897B-412E-847E-2A50BA167DE5}.AppStore|Mixed Platforms.Build.0 = Debug|Any CPU
		{2A01C06B-897B-412E-847E-2A50BA167DE5}.AppStore|x64.ActiveCfg = Release|Any CPU
		{2A01C06B-897B-412E-847E-2A50BA167DE5}.AppStore|x86.ActiveCfg = Release|Any CPU
		{2A01C06B-897B-412E-847E-2A50BA167DE5}.Debug|Any CPU.ActiveCfg = Debug|Any CPU
		{2A01C06B-897B-412E-847E-2A50BA167DE5}.Debug|Any CPU.Build.0 = Debug|Any CPU
		{2A01C06B-897B-412E-847E-2A50BA167DE5}.Debug|ARM.ActiveCfg = Debug|Any CPU
		{2A01C06B-897B-412E-847E-2A50BA167DE5}.Debug|iPhone.ActiveCfg = Debug|Any CPU
		{2A01C06B-897B-412E-847E-2A50BA167DE5}.Debug|iPhone.Build.0 = Debug|Any CPU
		{2A01C06B-897B-412E-847E-2A50BA167DE5}.Debug|iPhoneSimulator.ActiveCfg = Debug|Any CPU
		{2A01C06B-897B-412E-847E-2A50BA167DE5}.Debug|iPhoneSimulator.Build.0 = Debug|Any CPU
		{2A01C06B-897B-412E-847E-2A50BA167DE5}.Debug|Mixed Platforms.ActiveCfg = Debug|Any CPU
		{2A01C06B-897B-412E-847E-2A50BA167DE5}.Debug|Mixed Platforms.Build.0 = Debug|Any CPU
		{2A01C06B-897B-412E-847E-2A50BA167DE5}.Debug|x64.ActiveCfg = Debug|Any CPU
		{2A01C06B-897B-412E-847E-2A50BA167DE5}.Debug|x86.ActiveCfg = Debug|Any CPU
		{2A01C06B-897B-412E-847E-2A50BA167DE5}.Release|Any CPU.ActiveCfg = Release|Any CPU
		{2A01C06B-897B-412E-847E-2A50BA167DE5}.Release|Any CPU.Build.0 = Release|Any CPU
		{2A01C06B-897B-412E-847E-2A50BA167DE5}.Release|ARM.ActiveCfg = Release|Any CPU
		{2A01C06B-897B-412E-847E-2A50BA167DE5}.Release|iPhone.ActiveCfg = Release|Any CPU
		{2A01C06B-897B-412E-847E-2A50BA167DE5}.Release|iPhone.Build.0 = Release|Any CPU
		{2A01C06B-897B-412E-847E-2A50BA167DE5}.Release|iPhoneSimulator.ActiveCfg = Release|Any CPU
		{2A01C06B-897B-412E-847E-2A50BA167DE5}.Release|iPhoneSimulator.Build.0 = Release|Any CPU
		{2A01C06B-897B-412E-847E-2A50BA167DE5}.Release|Mixed Platforms.ActiveCfg = Release|Any CPU
		{2A01C06B-897B-412E-847E-2A50BA167DE5}.Release|Mixed Platforms.Build.0 = Release|Any CPU
		{2A01C06B-897B-412E-847E-2A50BA167DE5}.Release|x64.ActiveCfg = Release|Any CPU
		{2A01C06B-897B-412E-847E-2A50BA167DE5}.Release|x86.ActiveCfg = Release|Any CPU
		{70EF1915-0FC4-44A6-B816-6733DF06253A}.Ad-Hoc|Any CPU.ActiveCfg = Ad-Hoc|iPhone
		{70EF1915-0FC4-44A6-B816-6733DF06253A}.Ad-Hoc|ARM.ActiveCfg = Ad-Hoc|iPhone
		{70EF1915-0FC4-44A6-B816-6733DF06253A}.Ad-Hoc|iPhone.ActiveCfg = Ad-Hoc|iPhone
		{70EF1915-0FC4-44A6-B816-6733DF06253A}.Ad-Hoc|iPhone.Build.0 = Ad-Hoc|iPhone
		{70EF1915-0FC4-44A6-B816-6733DF06253A}.Ad-Hoc|iPhoneSimulator.ActiveCfg = Ad-Hoc|iPhone
		{70EF1915-0FC4-44A6-B816-6733DF06253A}.Ad-Hoc|Mixed Platforms.ActiveCfg = Ad-Hoc|iPhoneSimulator
		{70EF1915-0FC4-44A6-B816-6733DF06253A}.Ad-Hoc|Mixed Platforms.Build.0 = Ad-Hoc|iPhoneSimulator
		{70EF1915-0FC4-44A6-B816-6733DF06253A}.Ad-Hoc|x64.ActiveCfg = Ad-Hoc|iPhone
		{70EF1915-0FC4-44A6-B816-6733DF06253A}.Ad-Hoc|x86.ActiveCfg = Ad-Hoc|iPhone
		{70EF1915-0FC4-44A6-B816-6733DF06253A}.AppStore|Any CPU.ActiveCfg = AppStore|iPhone
		{70EF1915-0FC4-44A6-B816-6733DF06253A}.AppStore|ARM.ActiveCfg = AppStore|iPhone
		{70EF1915-0FC4-44A6-B816-6733DF06253A}.AppStore|iPhone.ActiveCfg = AppStore|iPhone
		{70EF1915-0FC4-44A6-B816-6733DF06253A}.AppStore|iPhone.Build.0 = AppStore|iPhone
		{70EF1915-0FC4-44A6-B816-6733DF06253A}.AppStore|iPhoneSimulator.ActiveCfg = AppStore|iPhone
		{70EF1915-0FC4-44A6-B816-6733DF06253A}.AppStore|Mixed Platforms.ActiveCfg = AppStore|iPhoneSimulator
		{70EF1915-0FC4-44A6-B816-6733DF06253A}.AppStore|Mixed Platforms.Build.0 = AppStore|iPhoneSimulator
		{70EF1915-0FC4-44A6-B816-6733DF06253A}.AppStore|x64.ActiveCfg = AppStore|iPhone
		{70EF1915-0FC4-44A6-B816-6733DF06253A}.AppStore|x86.ActiveCfg = AppStore|iPhone
		{70EF1915-0FC4-44A6-B816-6733DF06253A}.Debug|Any CPU.ActiveCfg = Debug|iPhoneSimulator
		{70EF1915-0FC4-44A6-B816-6733DF06253A}.Debug|Any CPU.Build.0 = Debug|iPhoneSimulator
		{70EF1915-0FC4-44A6-B816-6733DF06253A}.Debug|ARM.ActiveCfg = Debug|iPhoneSimulator
		{70EF1915-0FC4-44A6-B816-6733DF06253A}.Debug|ARM.Build.0 = Debug|iPhoneSimulator
		{70EF1915-0FC4-44A6-B816-6733DF06253A}.Debug|iPhone.ActiveCfg = Debug|iPhone
		{70EF1915-0FC4-44A6-B816-6733DF06253A}.Debug|iPhone.Build.0 = Debug|iPhone
		{70EF1915-0FC4-44A6-B816-6733DF06253A}.Debug|iPhoneSimulator.ActiveCfg = Debug|iPhoneSimulator
		{70EF1915-0FC4-44A6-B816-6733DF06253A}.Debug|iPhoneSimulator.Build.0 = Debug|iPhoneSimulator
		{70EF1915-0FC4-44A6-B816-6733DF06253A}.Debug|Mixed Platforms.ActiveCfg = Debug|iPhone
		{70EF1915-0FC4-44A6-B816-6733DF06253A}.Debug|Mixed Platforms.Build.0 = Debug|iPhone
		{70EF1915-0FC4-44A6-B816-6733DF06253A}.Debug|x64.ActiveCfg = Debug|iPhoneSimulator
		{70EF1915-0FC4-44A6-B816-6733DF06253A}.Debug|x64.Build.0 = Debug|iPhoneSimulator
		{70EF1915-0FC4-44A6-B816-6733DF06253A}.Debug|x86.ActiveCfg = Debug|iPhoneSimulator
		{70EF1915-0FC4-44A6-B816-6733DF06253A}.Debug|x86.Build.0 = Debug|iPhoneSimulator
		{70EF1915-0FC4-44A6-B816-6733DF06253A}.Release|Any CPU.ActiveCfg = Release|iPhoneSimulator
		{70EF1915-0FC4-44A6-B816-6733DF06253A}.Release|Any CPU.Build.0 = Release|iPhoneSimulator
		{70EF1915-0FC4-44A6-B816-6733DF06253A}.Release|ARM.ActiveCfg = Release|iPhoneSimulator
		{70EF1915-0FC4-44A6-B816-6733DF06253A}.Release|ARM.Build.0 = Release|iPhoneSimulator
		{70EF1915-0FC4-44A6-B816-6733DF06253A}.Release|iPhone.ActiveCfg = Release|iPhone
		{70EF1915-0FC4-44A6-B816-6733DF06253A}.Release|iPhone.Build.0 = Release|iPhone
		{70EF1915-0FC4-44A6-B816-6733DF06253A}.Release|iPhoneSimulator.ActiveCfg = Release|iPhoneSimulator
		{70EF1915-0FC4-44A6-B816-6733DF06253A}.Release|iPhoneSimulator.Build.0 = Release|iPhoneSimulator
		{70EF1915-0FC4-44A6-B816-6733DF06253A}.Release|Mixed Platforms.ActiveCfg = Release|iPhone
		{70EF1915-0FC4-44A6-B816-6733DF06253A}.Release|Mixed Platforms.Build.0 = Release|iPhone
		{70EF1915-0FC4-44A6-B816-6733DF06253A}.Release|x64.ActiveCfg = Release|iPhoneSimulator
		{70EF1915-0FC4-44A6-B816-6733DF06253A}.Release|x64.Build.0 = Release|iPhoneSimulator
		{70EF1915-0FC4-44A6-B816-6733DF06253A}.Release|x86.ActiveCfg = Release|iPhoneSimulator
		{70EF1915-0FC4-44A6-B816-6733DF06253A}.Release|x86.Build.0 = Release|iPhoneSimulator
		{96EDE5CC-45C5-4886-A167-4077ADC5B0FB}.Ad-Hoc|Any CPU.ActiveCfg = Debug|Any CPU
		{96EDE5CC-45C5-4886-A167-4077ADC5B0FB}.Ad-Hoc|ARM.ActiveCfg = Debug|Any CPU
		{96EDE5CC-45C5-4886-A167-4077ADC5B0FB}.Ad-Hoc|iPhone.ActiveCfg = Release|Any CPU
		{96EDE5CC-45C5-4886-A167-4077ADC5B0FB}.Ad-Hoc|iPhone.Build.0 = Release|Any CPU
		{96EDE5CC-45C5-4886-A167-4077ADC5B0FB}.Ad-Hoc|iPhoneSimulator.ActiveCfg = Debug|Any CPU
		{96EDE5CC-45C5-4886-A167-4077ADC5B0FB}.Ad-Hoc|Mixed Platforms.ActiveCfg = Release|Any CPU
		{96EDE5CC-45C5-4886-A167-4077ADC5B0FB}.Ad-Hoc|Mixed Platforms.Build.0 = Release|Any CPU
		{96EDE5CC-45C5-4886-A167-4077ADC5B0FB}.Ad-Hoc|Mixed Platforms.Deploy.0 = Release|Any CPU
		{96EDE5CC-45C5-4886-A167-4077ADC5B0FB}.Ad-Hoc|x64.ActiveCfg = Debug|Any CPU
		{96EDE5CC-45C5-4886-A167-4077ADC5B0FB}.Ad-Hoc|x86.ActiveCfg = Debug|Any CPU
		{96EDE5CC-45C5-4886-A167-4077ADC5B0FB}.AppStore|Any CPU.ActiveCfg = Debug|Any CPU
		{96EDE5CC-45C5-4886-A167-4077ADC5B0FB}.AppStore|ARM.ActiveCfg = Debug|Any CPU
		{96EDE5CC-45C5-4886-A167-4077ADC5B0FB}.AppStore|iPhone.ActiveCfg = Release|Any CPU
		{96EDE5CC-45C5-4886-A167-4077ADC5B0FB}.AppStore|iPhone.Build.0 = Release|Any CPU
		{96EDE5CC-45C5-4886-A167-4077ADC5B0FB}.AppStore|iPhoneSimulator.ActiveCfg = Debug|Any CPU
		{96EDE5CC-45C5-4886-A167-4077ADC5B0FB}.AppStore|Mixed Platforms.ActiveCfg = Release|Any CPU
		{96EDE5CC-45C5-4886-A167-4077ADC5B0FB}.AppStore|Mixed Platforms.Build.0 = Release|Any CPU
		{96EDE5CC-45C5-4886-A167-4077ADC5B0FB}.AppStore|Mixed Platforms.Deploy.0 = Release|Any CPU
		{96EDE5CC-45C5-4886-A167-4077ADC5B0FB}.AppStore|x64.ActiveCfg = Debug|Any CPU
		{96EDE5CC-45C5-4886-A167-4077ADC5B0FB}.AppStore|x86.ActiveCfg = Debug|Any CPU
		{96EDE5CC-45C5-4886-A167-4077ADC5B0FB}.Debug|Any CPU.ActiveCfg = Debug|Any CPU
		{96EDE5CC-45C5-4886-A167-4077ADC5B0FB}.Debug|Any CPU.Build.0 = Debug|Any CPU
		{96EDE5CC-45C5-4886-A167-4077ADC5B0FB}.Debug|ARM.ActiveCfg = Debug|Any CPU
		{96EDE5CC-45C5-4886-A167-4077ADC5B0FB}.Debug|ARM.Build.0 = Debug|Any CPU
		{96EDE5CC-45C5-4886-A167-4077ADC5B0FB}.Debug|iPhone.ActiveCfg = Debug|Any CPU
		{96EDE5CC-45C5-4886-A167-4077ADC5B0FB}.Debug|iPhone.Build.0 = Debug|Any CPU
		{96EDE5CC-45C5-4886-A167-4077ADC5B0FB}.Debug|iPhoneSimulator.ActiveCfg = Debug|Any CPU
		{96EDE5CC-45C5-4886-A167-4077ADC5B0FB}.Debug|iPhoneSimulator.Build.0 = Debug|Any CPU
		{96EDE5CC-45C5-4886-A167-4077ADC5B0FB}.Debug|Mixed Platforms.ActiveCfg = Debug|Any CPU
		{96EDE5CC-45C5-4886-A167-4077ADC5B0FB}.Debug|Mixed Platforms.Build.0 = Debug|Any CPU
		{96EDE5CC-45C5-4886-A167-4077ADC5B0FB}.Debug|Mixed Platforms.Deploy.0 = Debug|Any CPU
		{96EDE5CC-45C5-4886-A167-4077ADC5B0FB}.Debug|x64.ActiveCfg = Debug|Any CPU
		{96EDE5CC-45C5-4886-A167-4077ADC5B0FB}.Debug|x64.Build.0 = Debug|Any CPU
		{96EDE5CC-45C5-4886-A167-4077ADC5B0FB}.Debug|x86.ActiveCfg = Debug|Any CPU
		{96EDE5CC-45C5-4886-A167-4077ADC5B0FB}.Debug|x86.Build.0 = Debug|Any CPU
		{96EDE5CC-45C5-4886-A167-4077ADC5B0FB}.Release|Any CPU.ActiveCfg = Release|Any CPU
		{96EDE5CC-45C5-4886-A167-4077ADC5B0FB}.Release|Any CPU.Build.0 = Release|Any CPU
		{96EDE5CC-45C5-4886-A167-4077ADC5B0FB}.Release|ARM.ActiveCfg = Release|Any CPU
		{96EDE5CC-45C5-4886-A167-4077ADC5B0FB}.Release|ARM.Build.0 = Release|Any CPU
		{96EDE5CC-45C5-4886-A167-4077ADC5B0FB}.Release|iPhone.ActiveCfg = Release|Any CPU
		{96EDE5CC-45C5-4886-A167-4077ADC5B0FB}.Release|iPhone.Build.0 = Release|Any CPU
		{96EDE5CC-45C5-4886-A167-4077ADC5B0FB}.Release|iPhoneSimulator.ActiveCfg = Release|Any CPU
		{96EDE5CC-45C5-4886-A167-4077ADC5B0FB}.Release|iPhoneSimulator.Build.0 = Release|Any CPU
		{96EDE5CC-45C5-4886-A167-4077ADC5B0FB}.Release|Mixed Platforms.ActiveCfg = Release|Any CPU
		{96EDE5CC-45C5-4886-A167-4077ADC5B0FB}.Release|Mixed Platforms.Build.0 = Release|Any CPU
		{96EDE5CC-45C5-4886-A167-4077ADC5B0FB}.Release|Mixed Platforms.Deploy.0 = Release|Any CPU
		{96EDE5CC-45C5-4886-A167-4077ADC5B0FB}.Release|x64.ActiveCfg = Release|Any CPU
		{96EDE5CC-45C5-4886-A167-4077ADC5B0FB}.Release|x64.Build.0 = Release|Any CPU
		{96EDE5CC-45C5-4886-A167-4077ADC5B0FB}.Release|x86.ActiveCfg = Release|Any CPU
		{96EDE5CC-45C5-4886-A167-4077ADC5B0FB}.Release|x86.Build.0 = Release|Any CPU
		{CB66262E-F847-4983-985C-31511D467742}.Ad-Hoc|Any CPU.ActiveCfg = Release|Any CPU
		{CB66262E-F847-4983-985C-31511D467742}.Ad-Hoc|Any CPU.Build.0 = Release|Any CPU
		{CB66262E-F847-4983-985C-31511D467742}.Ad-Hoc|Any CPU.Deploy.0 = Release|Any CPU
		{CB66262E-F847-4983-985C-31511D467742}.Ad-Hoc|ARM.ActiveCfg = Release|ARM
		{CB66262E-F847-4983-985C-31511D467742}.Ad-Hoc|ARM.Build.0 = Release|ARM
		{CB66262E-F847-4983-985C-31511D467742}.Ad-Hoc|ARM.Deploy.0 = Release|ARM
		{CB66262E-F847-4983-985C-31511D467742}.Ad-Hoc|iPhone.ActiveCfg = Release|Any CPU
		{CB66262E-F847-4983-985C-31511D467742}.Ad-Hoc|iPhoneSimulator.ActiveCfg = Release|Any CPU
		{CB66262E-F847-4983-985C-31511D467742}.Ad-Hoc|Mixed Platforms.ActiveCfg = Release|x86
		{CB66262E-F847-4983-985C-31511D467742}.Ad-Hoc|Mixed Platforms.Build.0 = Release|x86
		{CB66262E-F847-4983-985C-31511D467742}.Ad-Hoc|Mixed Platforms.Deploy.0 = Release|x86
		{CB66262E-F847-4983-985C-31511D467742}.Ad-Hoc|x64.ActiveCfg = Release|x64
		{CB66262E-F847-4983-985C-31511D467742}.Ad-Hoc|x64.Build.0 = Release|x64
		{CB66262E-F847-4983-985C-31511D467742}.Ad-Hoc|x64.Deploy.0 = Release|x64
		{CB66262E-F847-4983-985C-31511D467742}.Ad-Hoc|x86.ActiveCfg = Release|x86
		{CB66262E-F847-4983-985C-31511D467742}.Ad-Hoc|x86.Build.0 = Release|x86
		{CB66262E-F847-4983-985C-31511D467742}.Ad-Hoc|x86.Deploy.0 = Release|x86
		{CB66262E-F847-4983-985C-31511D467742}.AppStore|Any CPU.ActiveCfg = Release|Any CPU
		{CB66262E-F847-4983-985C-31511D467742}.AppStore|Any CPU.Build.0 = Release|Any CPU
		{CB66262E-F847-4983-985C-31511D467742}.AppStore|Any CPU.Deploy.0 = Release|Any CPU
		{CB66262E-F847-4983-985C-31511D467742}.AppStore|ARM.ActiveCfg = Release|ARM
		{CB66262E-F847-4983-985C-31511D467742}.AppStore|ARM.Build.0 = Release|ARM
		{CB66262E-F847-4983-985C-31511D467742}.AppStore|ARM.Deploy.0 = Release|ARM
		{CB66262E-F847-4983-985C-31511D467742}.AppStore|iPhone.ActiveCfg = Release|Any CPU
		{CB66262E-F847-4983-985C-31511D467742}.AppStore|iPhoneSimulator.ActiveCfg = Release|Any CPU
		{CB66262E-F847-4983-985C-31511D467742}.AppStore|Mixed Platforms.ActiveCfg = Release|x86
		{CB66262E-F847-4983-985C-31511D467742}.AppStore|Mixed Platforms.Build.0 = Release|x86
		{CB66262E-F847-4983-985C-31511D467742}.AppStore|Mixed Platforms.Deploy.0 = Release|x86
		{CB66262E-F847-4983-985C-31511D467742}.AppStore|x64.ActiveCfg = Release|x64
		{CB66262E-F847-4983-985C-31511D467742}.AppStore|x64.Build.0 = Release|x64
		{CB66262E-F847-4983-985C-31511D467742}.AppStore|x64.Deploy.0 = Release|x64
		{CB66262E-F847-4983-985C-31511D467742}.AppStore|x86.ActiveCfg = Release|x86
		{CB66262E-F847-4983-985C-31511D467742}.AppStore|x86.Build.0 = Release|x86
		{CB66262E-F847-4983-985C-31511D467742}.AppStore|x86.Deploy.0 = Release|x86
		{CB66262E-F847-4983-985C-31511D467742}.Debug|Any CPU.ActiveCfg = Debug|Any CPU
		{CB66262E-F847-4983-985C-31511D467742}.Debug|Any CPU.Build.0 = Debug|Any CPU
		{CB66262E-F847-4983-985C-31511D467742}.Debug|Any CPU.Deploy.0 = Debug|Any CPU
		{CB66262E-F847-4983-985C-31511D467742}.Debug|ARM.ActiveCfg = Debug|ARM
		{CB66262E-F847-4983-985C-31511D467742}.Debug|ARM.Build.0 = Debug|ARM
		{CB66262E-F847-4983-985C-31511D467742}.Debug|ARM.Deploy.0 = Debug|ARM
		{CB66262E-F847-4983-985C-31511D467742}.Debug|iPhone.ActiveCfg = Debug|Any CPU
		{CB66262E-F847-4983-985C-31511D467742}.Debug|iPhoneSimulator.ActiveCfg = Debug|Any CPU
		{CB66262E-F847-4983-985C-31511D467742}.Debug|Mixed Platforms.ActiveCfg = Debug|x86
		{CB66262E-F847-4983-985C-31511D467742}.Debug|Mixed Platforms.Build.0 = Debug|x86
		{CB66262E-F847-4983-985C-31511D467742}.Debug|Mixed Platforms.Deploy.0 = Debug|x86
		{CB66262E-F847-4983-985C-31511D467742}.Debug|x64.ActiveCfg = Debug|x64
		{CB66262E-F847-4983-985C-31511D467742}.Debug|x64.Build.0 = Debug|x64
		{CB66262E-F847-4983-985C-31511D467742}.Debug|x64.Deploy.0 = Debug|x64
		{CB66262E-F847-4983-985C-31511D467742}.Debug|x86.ActiveCfg = Debug|x86
		{CB66262E-F847-4983-985C-31511D467742}.Debug|x86.Build.0 = Debug|x86
		{CB66262E-F847-4983-985C-31511D467742}.Debug|x86.Deploy.0 = Debug|x86
		{CB66262E-F847-4983-985C-31511D467742}.Release|Any CPU.ActiveCfg = Release|Any CPU
		{CB66262E-F847-4983-985C-31511D467742}.Release|Any CPU.Build.0 = Release|Any CPU
		{CB66262E-F847-4983-985C-31511D467742}.Release|Any CPU.Deploy.0 = Release|Any CPU
		{CB66262E-F847-4983-985C-31511D467742}.Release|ARM.ActiveCfg = Release|ARM
		{CB66262E-F847-4983-985C-31511D467742}.Release|ARM.Build.0 = Release|ARM
		{CB66262E-F847-4983-985C-31511D467742}.Release|ARM.Deploy.0 = Release|ARM
		{CB66262E-F847-4983-985C-31511D467742}.Release|iPhone.ActiveCfg = Release|Any CPU
		{CB66262E-F847-4983-985C-31511D467742}.Release|iPhoneSimulator.ActiveCfg = Release|Any CPU
		{CB66262E-F847-4983-985C-31511D467742}.Release|Mixed Platforms.ActiveCfg = Release|x86
		{CB66262E-F847-4983-985C-31511D467742}.Release|Mixed Platforms.Build.0 = Release|x86
		{CB66262E-F847-4983-985C-31511D467742}.Release|Mixed Platforms.Deploy.0 = Release|x86
		{CB66262E-F847-4983-985C-31511D467742}.Release|x64.ActiveCfg = Release|x64
		{CB66262E-F847-4983-985C-31511D467742}.Release|x64.Build.0 = Release|x64
		{CB66262E-F847-4983-985C-31511D467742}.Release|x64.Deploy.0 = Release|x64
		{CB66262E-F847-4983-985C-31511D467742}.Release|x86.ActiveCfg = Release|x86
		{CB66262E-F847-4983-985C-31511D467742}.Release|x86.Build.0 = Release|x86
		{CB66262E-F847-4983-985C-31511D467742}.Release|x86.Deploy.0 = Release|x86
		{526E491F-6800-4E45-B45D-9B3AF33DB7A6}.Ad-Hoc|Any CPU.ActiveCfg = Release|Any CPU
		{526E491F-6800-4E45-B45D-9B3AF33DB7A6}.Ad-Hoc|Any CPU.Build.0 = Release|Any CPU
		{526E491F-6800-4E45-B45D-9B3AF33DB7A6}.Ad-Hoc|Any CPU.Deploy.0 = Release|Any CPU
		{526E491F-6800-4E45-B45D-9B3AF33DB7A6}.Ad-Hoc|ARM.ActiveCfg = Release|ARM
		{526E491F-6800-4E45-B45D-9B3AF33DB7A6}.Ad-Hoc|ARM.Build.0 = Release|ARM
		{526E491F-6800-4E45-B45D-9B3AF33DB7A6}.Ad-Hoc|ARM.Deploy.0 = Release|ARM
		{526E491F-6800-4E45-B45D-9B3AF33DB7A6}.Ad-Hoc|iPhone.ActiveCfg = Release|Any CPU
		{526E491F-6800-4E45-B45D-9B3AF33DB7A6}.Ad-Hoc|iPhoneSimulator.ActiveCfg = Release|Any CPU
		{526E491F-6800-4E45-B45D-9B3AF33DB7A6}.Ad-Hoc|Mixed Platforms.ActiveCfg = Release|x86
		{526E491F-6800-4E45-B45D-9B3AF33DB7A6}.Ad-Hoc|Mixed Platforms.Build.0 = Release|x86
		{526E491F-6800-4E45-B45D-9B3AF33DB7A6}.Ad-Hoc|Mixed Platforms.Deploy.0 = Release|x86
		{526E491F-6800-4E45-B45D-9B3AF33DB7A6}.Ad-Hoc|x64.ActiveCfg = Release|Any CPU
		{526E491F-6800-4E45-B45D-9B3AF33DB7A6}.Ad-Hoc|x86.ActiveCfg = Release|x86
		{526E491F-6800-4E45-B45D-9B3AF33DB7A6}.Ad-Hoc|x86.Build.0 = Release|x86
		{526E491F-6800-4E45-B45D-9B3AF33DB7A6}.Ad-Hoc|x86.Deploy.0 = Release|x86
		{526E491F-6800-4E45-B45D-9B3AF33DB7A6}.AppStore|Any CPU.ActiveCfg = Release|Any CPU
		{526E491F-6800-4E45-B45D-9B3AF33DB7A6}.AppStore|Any CPU.Build.0 = Release|Any CPU
		{526E491F-6800-4E45-B45D-9B3AF33DB7A6}.AppStore|Any CPU.Deploy.0 = Release|Any CPU
		{526E491F-6800-4E45-B45D-9B3AF33DB7A6}.AppStore|ARM.ActiveCfg = Release|ARM
		{526E491F-6800-4E45-B45D-9B3AF33DB7A6}.AppStore|ARM.Build.0 = Release|ARM
		{526E491F-6800-4E45-B45D-9B3AF33DB7A6}.AppStore|ARM.Deploy.0 = Release|ARM
		{526E491F-6800-4E45-B45D-9B3AF33DB7A6}.AppStore|iPhone.ActiveCfg = Release|Any CPU
		{526E491F-6800-4E45-B45D-9B3AF33DB7A6}.AppStore|iPhoneSimulator.ActiveCfg = Release|Any CPU
		{526E491F-6800-4E45-B45D-9B3AF33DB7A6}.AppStore|Mixed Platforms.ActiveCfg = Release|x86
		{526E491F-6800-4E45-B45D-9B3AF33DB7A6}.AppStore|Mixed Platforms.Build.0 = Release|x86
		{526E491F-6800-4E45-B45D-9B3AF33DB7A6}.AppStore|Mixed Platforms.Deploy.0 = Release|x86
		{526E491F-6800-4E45-B45D-9B3AF33DB7A6}.AppStore|x64.ActiveCfg = Release|Any CPU
		{526E491F-6800-4E45-B45D-9B3AF33DB7A6}.AppStore|x86.ActiveCfg = Release|x86
		{526E491F-6800-4E45-B45D-9B3AF33DB7A6}.AppStore|x86.Build.0 = Release|x86
		{526E491F-6800-4E45-B45D-9B3AF33DB7A6}.AppStore|x86.Deploy.0 = Release|x86
		{526E491F-6800-4E45-B45D-9B3AF33DB7A6}.Debug|Any CPU.ActiveCfg = Debug|Any CPU
		{526E491F-6800-4E45-B45D-9B3AF33DB7A6}.Debug|Any CPU.Build.0 = Debug|Any CPU
		{526E491F-6800-4E45-B45D-9B3AF33DB7A6}.Debug|Any CPU.Deploy.0 = Debug|Any CPU
		{526E491F-6800-4E45-B45D-9B3AF33DB7A6}.Debug|ARM.ActiveCfg = Debug|ARM
		{526E491F-6800-4E45-B45D-9B3AF33DB7A6}.Debug|ARM.Build.0 = Debug|ARM
		{526E491F-6800-4E45-B45D-9B3AF33DB7A6}.Debug|ARM.Deploy.0 = Debug|ARM
		{526E491F-6800-4E45-B45D-9B3AF33DB7A6}.Debug|iPhone.ActiveCfg = Debug|Any CPU
		{526E491F-6800-4E45-B45D-9B3AF33DB7A6}.Debug|iPhoneSimulator.ActiveCfg = Debug|Any CPU
		{526E491F-6800-4E45-B45D-9B3AF33DB7A6}.Debug|Mixed Platforms.ActiveCfg = Debug|x86
		{526E491F-6800-4E45-B45D-9B3AF33DB7A6}.Debug|Mixed Platforms.Build.0 = Debug|x86
		{526E491F-6800-4E45-B45D-9B3AF33DB7A6}.Debug|Mixed Platforms.Deploy.0 = Debug|x86
		{526E491F-6800-4E45-B45D-9B3AF33DB7A6}.Debug|x64.ActiveCfg = Debug|Any CPU
		{526E491F-6800-4E45-B45D-9B3AF33DB7A6}.Debug|x86.ActiveCfg = Debug|x86
		{526E491F-6800-4E45-B45D-9B3AF33DB7A6}.Debug|x86.Build.0 = Debug|x86
		{526E491F-6800-4E45-B45D-9B3AF33DB7A6}.Debug|x86.Deploy.0 = Debug|x86
		{526E491F-6800-4E45-B45D-9B3AF33DB7A6}.Release|Any CPU.ActiveCfg = Release|Any CPU
		{526E491F-6800-4E45-B45D-9B3AF33DB7A6}.Release|Any CPU.Build.0 = Release|Any CPU
		{526E491F-6800-4E45-B45D-9B3AF33DB7A6}.Release|Any CPU.Deploy.0 = Release|Any CPU
		{526E491F-6800-4E45-B45D-9B3AF33DB7A6}.Release|ARM.ActiveCfg = Release|ARM
		{526E491F-6800-4E45-B45D-9B3AF33DB7A6}.Release|ARM.Build.0 = Release|ARM
		{526E491F-6800-4E45-B45D-9B3AF33DB7A6}.Release|ARM.Deploy.0 = Release|ARM
		{526E491F-6800-4E45-B45D-9B3AF33DB7A6}.Release|iPhone.ActiveCfg = Release|Any CPU
		{526E491F-6800-4E45-B45D-9B3AF33DB7A6}.Release|iPhoneSimulator.ActiveCfg = Release|Any CPU
		{526E491F-6800-4E45-B45D-9B3AF33DB7A6}.Release|Mixed Platforms.ActiveCfg = Release|x86
		{526E491F-6800-4E45-B45D-9B3AF33DB7A6}.Release|Mixed Platforms.Build.0 = Release|x86
		{526E491F-6800-4E45-B45D-9B3AF33DB7A6}.Release|Mixed Platforms.Deploy.0 = Release|x86
		{526E491F-6800-4E45-B45D-9B3AF33DB7A6}.Release|x64.ActiveCfg = Release|Any CPU
		{526E491F-6800-4E45-B45D-9B3AF33DB7A6}.Release|x86.ActiveCfg = Release|x86
		{526E491F-6800-4E45-B45D-9B3AF33DB7A6}.Release|x86.Build.0 = Release|x86
		{526E491F-6800-4E45-B45D-9B3AF33DB7A6}.Release|x86.Deploy.0 = Release|x86
		{96E9B4BD-49CC-4657-9694-EF801E031577}.Ad-Hoc|Any CPU.ActiveCfg = Release|Any CPU
		{96E9B4BD-49CC-4657-9694-EF801E031577}.Ad-Hoc|Any CPU.Build.0 = Release|Any CPU
		{96E9B4BD-49CC-4657-9694-EF801E031577}.Ad-Hoc|ARM.ActiveCfg = Release|Any CPU
		{96E9B4BD-49CC-4657-9694-EF801E031577}.Ad-Hoc|iPhone.ActiveCfg = Release|Any CPU
		{96E9B4BD-49CC-4657-9694-EF801E031577}.Ad-Hoc|iPhoneSimulator.ActiveCfg = Release|Any CPU
		{96E9B4BD-49CC-4657-9694-EF801E031577}.Ad-Hoc|Mixed Platforms.ActiveCfg = Release|Any CPU
		{96E9B4BD-49CC-4657-9694-EF801E031577}.Ad-Hoc|Mixed Platforms.Build.0 = Release|Any CPU
		{96E9B4BD-49CC-4657-9694-EF801E031577}.Ad-Hoc|x64.ActiveCfg = Release|Any CPU
		{96E9B4BD-49CC-4657-9694-EF801E031577}.Ad-Hoc|x86.ActiveCfg = Release|Any CPU
		{96E9B4BD-49CC-4657-9694-EF801E031577}.AppStore|Any CPU.ActiveCfg = Release|Any CPU
		{96E9B4BD-49CC-4657-9694-EF801E031577}.AppStore|Any CPU.Build.0 = Release|Any CPU
		{96E9B4BD-49CC-4657-9694-EF801E031577}.AppStore|ARM.ActiveCfg = Release|Any CPU
		{96E9B4BD-49CC-4657-9694-EF801E031577}.AppStore|iPhone.ActiveCfg = Release|Any CPU
		{96E9B4BD-49CC-4657-9694-EF801E031577}.AppStore|iPhoneSimulator.ActiveCfg = Release|Any CPU
		{96E9B4BD-49CC-4657-9694-EF801E031577}.AppStore|Mixed Platforms.ActiveCfg = Release|Any CPU
		{96E9B4BD-49CC-4657-9694-EF801E031577}.AppStore|Mixed Platforms.Build.0 = Release|Any CPU
		{96E9B4BD-49CC-4657-9694-EF801E031577}.AppStore|x64.ActiveCfg = Release|Any CPU
		{96E9B4BD-49CC-4657-9694-EF801E031577}.AppStore|x86.ActiveCfg = Release|Any CPU
		{96E9B4BD-49CC-4657-9694-EF801E031577}.Debug|Any CPU.ActiveCfg = Debug|Any CPU
		{96E9B4BD-49CC-4657-9694-EF801E031577}.Debug|Any CPU.Build.0 = Debug|Any CPU
		{96E9B4BD-49CC-4657-9694-EF801E031577}.Debug|ARM.ActiveCfg = Debug|Any CPU
		{96E9B4BD-49CC-4657-9694-EF801E031577}.Debug|iPhone.ActiveCfg = Debug|Any CPU
		{96E9B4BD-49CC-4657-9694-EF801E031577}.Debug|iPhoneSimulator.ActiveCfg = Debug|Any CPU
		{96E9B4BD-49CC-4657-9694-EF801E031577}.Debug|Mixed Platforms.ActiveCfg = Debug|Any CPU
		{96E9B4BD-49CC-4657-9694-EF801E031577}.Debug|Mixed Platforms.Build.0 = Debug|Any CPU
		{96E9B4BD-49CC-4657-9694-EF801E031577}.Debug|x64.ActiveCfg = Debug|Any CPU
		{96E9B4BD-49CC-4657-9694-EF801E031577}.Debug|x86.ActiveCfg = Debug|Any CPU
		{96E9B4BD-49CC-4657-9694-EF801E031577}.Release|Any CPU.ActiveCfg = Release|Any CPU
		{96E9B4BD-49CC-4657-9694-EF801E031577}.Release|Any CPU.Build.0 = Release|Any CPU
		{96E9B4BD-49CC-4657-9694-EF801E031577}.Release|ARM.ActiveCfg = Release|Any CPU
		{96E9B4BD-49CC-4657-9694-EF801E031577}.Release|iPhone.ActiveCfg = Release|Any CPU
		{96E9B4BD-49CC-4657-9694-EF801E031577}.Release|iPhoneSimulator.ActiveCfg = Release|Any CPU
		{96E9B4BD-49CC-4657-9694-EF801E031577}.Release|Mixed Platforms.ActiveCfg = Release|Any CPU
		{96E9B4BD-49CC-4657-9694-EF801E031577}.Release|Mixed Platforms.Build.0 = Release|Any CPU
		{96E9B4BD-49CC-4657-9694-EF801E031577}.Release|x64.ActiveCfg = Release|Any CPU
		{96E9B4BD-49CC-4657-9694-EF801E031577}.Release|x86.ActiveCfg = Release|Any CPU
	EndGlobalSection
	GlobalSection(SolutionProperties) = preSolution
		HideSolutionNode = FALSE
	EndGlobalSection
	GlobalSection(NestedProjects) = preSolution
		{7206D9C4-B385-429A-81A8-83C0D3B083C2} = {6ED6D0C5-9636-4FE9-BA39-BB3FE809FFCF}
		{CB66262E-F847-4983-985C-31511D467742} = {6ED6D0C5-9636-4FE9-BA39-BB3FE809FFCF}
		{526E491F-6800-4E45-B45D-9B3AF33DB7A6} = {6ED6D0C5-9636-4FE9-BA39-BB3FE809FFCF}
	EndGlobalSection
EndGlobal
