
Microsoft Visual Studio Solution File, Format Version 12.00
# Visual Studio 2013
VisualStudioVersion = 12.0.31101.0
MinimumVisualStudioVersion = 10.0.40219.1
Project("{FAE04EC0-301F-11D3-BF4B-00C04F79EFBC}") = "SimpleGame.iOS", "SimpleGame.iOS\SimpleGame.iOS.csproj", "{D7DDCCBE-C823-417C-AC5E-20969627CE88}"
EndProject
Project("{FAE04EC0-301F-11D3-BF4B-00C04F79EFBC}") = "SimpleGame.Windows", "SimpleGame.Windows\SimpleGame.Windows.csproj", "{8F5D4166-73D8-443B-AEF0-874A662F4331}"
EndProject
Project("{FAE04EC0-301F-11D3-BF4B-00C04F79EFBC}") = "SimpleGame.Portable", "SimpleGame.Portable\SimpleGame.Portable.csproj", "{E3825366-CDFB-46FF-AF0F-A5EA1F5888C4}"
EndProject
Project("{FAE04EC0-301F-11D3-BF4B-00C04F79EFBC}") = "SimpleGame.Android", "SimpleGame.Android\SimpleGame.Android.csproj", "{DAFECB7F-3295-4123-A147-EA2D792A018D}"
EndProject
Project("{2150E333-8FDC-42A3-9474-1A3956D46DE8}") = ".nuget", ".nuget", "{B6494A5A-971A-4EED-BB71-087C72274FBE}"
	ProjectSection(SolutionItems) = preProject
		.nuget\NuGet.Config = .nuget\NuGet.Config
		.nuget\NuGet.exe = .nuget\NuGet.exe
		.nuget\NuGet.targets = .nuget\NuGet.targets
	EndProjectSection
EndProject
Project("{FAE04EC0-301F-11D3-BF4B-00C04F79EFBC}") = "CobaltFrame", "..\..\Framework\CobaltFrame\CobaltFrame.csproj", "{96E9B4BD-49CC-4657-9694-EF801E031577}"
EndProject
Global
	GlobalSection(SolutionConfigurationPlatforms) = preSolution
		Ad-Hoc|Any CPU = Ad-Hoc|Any CPU
		Ad-Hoc|ARM = Ad-Hoc|ARM
		Ad-Hoc|iPhone = Ad-Hoc|iPhone
		Ad-Hoc|iPhoneSimulator = Ad-Hoc|iPhoneSimulator
		Ad-Hoc|Mixed Platforms = Ad-Hoc|Mixed Platforms
		Ad-Hoc|x64 = Ad-Hoc|x64
		Ad-Hoc|x86 = Ad-Hoc|x86
		AppStore|Any CPU = AppStore|Any CPU
		AppStore|ARM = AppStore|ARM
		AppStore|iPhone = AppStore|iPhone
		AppStore|iPhoneSimulator = AppStore|iPhoneSimulator
		AppStore|Mixed Platforms = AppStore|Mixed Platforms
		AppStore|x64 = AppStore|x64
		AppStore|x86 = AppStore|x86
		Debug|Any CPU = Debug|Any CPU
		Debug|ARM = Debug|ARM
		Debug|iPhone = Debug|iPhone
		Debug|iPhoneSimulator = Debug|iPhoneSimulator
		Debug|Mixed Platforms = Debug|Mixed Platforms
		Debug|x64 = Debug|x64
		Debug|x86 = Debug|x86
		Release|Any CPU = Release|Any CPU
		Release|ARM = Release|ARM
		Release|iPhone = Release|iPhone
		Release|iPhoneSimulator = Release|iPhoneSimulator
		Release|Mixed Platforms = Release|Mixed Platforms
		Release|x64 = Release|x64
		Release|x86 = Release|x86
	EndGlobalSection
	GlobalSection(ProjectConfigurationPlatforms) = postSolution
		{D7DDCCBE-C823-417C-AC5E-20969627CE88}.Ad-Hoc|Any CPU.ActiveCfg = Ad-Hoc|iPhone
		{D7DDCCBE-C823-417C-AC5E-20969627CE88}.Ad-Hoc|ARM.ActiveCfg = Ad-Hoc|iPhone
		{D7DDCCBE-C823-417C-AC5E-20969627CE88}.Ad-Hoc|iPhone.ActiveCfg = Ad-Hoc|iPhone
		{D7DDCCBE-C823-417C-AC5E-20969627CE88}.Ad-Hoc|iPhone.Build.0 = Ad-Hoc|iPhone
		{D7DDCCBE-C823-417C-AC5E-20969627CE88}.Ad-Hoc|iPhoneSimulator.ActiveCfg = Ad-Hoc|iPhoneSimulator
		{D7DDCCBE-C823-417C-AC5E-20969627CE88}.Ad-Hoc|iPhoneSimulator.Build.0 = Ad-Hoc|iPhoneSimulator
		{D7DDCCBE-C823-417C-AC5E-20969627CE88}.Ad-Hoc|Mixed Platforms.ActiveCfg = Ad-Hoc|iPhone
		{D7DDCCBE-C823-417C-AC5E-20969627CE88}.Ad-Hoc|Mixed Platforms.Build.0 = Ad-Hoc|iPhone
		{D7DDCCBE-C823-417C-AC5E-20969627CE88}.Ad-Hoc|x64.ActiveCfg = Ad-Hoc|iPhone
		{D7DDCCBE-C823-417C-AC5E-20969627CE88}.Ad-Hoc|x86.ActiveCfg = Ad-Hoc|iPhone
		{D7DDCCBE-C823-417C-AC5E-20969627CE88}.AppStore|Any CPU.ActiveCfg = AppStore|iPhone
		{D7DDCCBE-C823-417C-AC5E-20969627CE88}.AppStore|ARM.ActiveCfg = AppStore|iPhone
		{D7DDCCBE-C823-417C-AC5E-20969627CE88}.AppStore|iPhone.ActiveCfg = AppStore|iPhone
		{D7DDCCBE-C823-417C-AC5E-20969627CE88}.AppStore|iPhone.Build.0 = AppStore|iPhone
		{D7DDCCBE-C823-417C-AC5E-20969627CE88}.AppStore|iPhoneSimulator.ActiveCfg = AppStore|iPhoneSimulator
		{D7DDCCBE-C823-417C-AC5E-20969627CE88}.AppStore|iPhoneSimulator.Build.0 = AppStore|iPhoneSimulator
		{D7DDCCBE-C823-417C-AC5E-20969627CE88}.AppStore|Mixed Platforms.ActiveCfg = AppStore|iPhone
		{D7DDCCBE-C823-417C-AC5E-20969627CE88}.AppStore|Mixed Platforms.Build.0 = AppStore|iPhone
		{D7DDCCBE-C823-417C-AC5E-20969627CE88}.AppStore|x64.ActiveCfg = AppStore|iPhone
		{D7DDCCBE-C823-417C-AC5E-20969627CE88}.AppStore|x86.ActiveCfg = AppStore|iPhone
		{D7DDCCBE-C823-417C-AC5E-20969627CE88}.Debug|Any CPU.ActiveCfg = Debug|iPhone
		{D7DDCCBE-C823-417C-AC5E-20969627CE88}.Debug|ARM.ActiveCfg = Debug|iPhone
		{D7DDCCBE-C823-417C-AC5E-20969627CE88}.Debug|iPhone.ActiveCfg = Debug|iPhone
		{D7DDCCBE-C823-417C-AC5E-20969627CE88}.Debug|iPhone.Build.0 = Debug|iPhone
		{D7DDCCBE-C823-417C-AC5E-20969627CE88}.Debug|iPhoneSimulator.ActiveCfg = Debug|iPhoneSimulator
		{D7DDCCBE-C823-417C-AC5E-20969627CE88}.Debug|iPhoneSimulator.Build.0 = Debug|iPhoneSimulator
		{D7DDCCBE-C823-417C-AC5E-20969627CE88}.Debug|Mixed Platforms.ActiveCfg = Debug|iPhone
		{D7DDCCBE-C823-417C-AC5E-20969627CE88}.Debug|Mixed Platforms.Build.0 = Debug|iPhone
		{D7DDCCBE-C823-417C-AC5E-20969627CE88}.Debug|x64.ActiveCfg = Debug|iPhone
		{D7DDCCBE-C823-417C-AC5E-20969627CE88}.Debug|x86.ActiveCfg = Debug|iPhone
		{D7DDCCBE-C823-417C-AC5E-20969627CE88}.Release|Any CPU.ActiveCfg = Release|iPhone
		{D7DDCCBE-C823-417C-AC5E-20969627CE88}.Release|ARM.ActiveCfg = Release|iPhone
		{D7DDCCBE-C823-417C-AC5E-20969627CE88}.Release|iPhone.ActiveCfg = Release|iPhone
		{D7DDCCBE-C823-417C-AC5E-20969627CE88}.Release|iPhone.Build.0 = Release|iPhone
		{D7DDCCBE-C823-417C-AC5E-20969627CE88}.Release|iPhoneSimulator.ActiveCfg = Release|iPhoneSimulator
		{D7DDCCBE-C823-417C-AC5E-20969627CE88}.Release|iPhoneSimulator.Build.0 = Release|iPhoneSimulator
		{D7DDCCBE-C823-417C-AC5E-20969627CE88}.Release|Mixed Platforms.ActiveCfg = Release|iPhone
		{D7DDCCBE-C823-417C-AC5E-20969627CE88}.Release|Mixed Platforms.Build.0 = Release|iPhone
		{D7DDCCBE-C823-417C-AC5E-20969627CE88}.Release|x64.ActiveCfg = Release|iPhone
		{D7DDCCBE-C823-417C-AC5E-20969627CE88}.Release|x86.ActiveCfg = Release|iPhone
		{8F5D4166-73D8-443B-AEF0-874A662F4331}.Ad-Hoc|Any CPU.ActiveCfg = Release|Any CPU
		{8F5D4166-73D8-443B-AEF0-874A662F4331}.Ad-Hoc|Any CPU.Build.0 = Release|Any CPU
		{8F5D4166-73D8-443B-AEF0-874A662F4331}.Ad-Hoc|Any CPU.Deploy.0 = Release|Any CPU
		{8F5D4166-73D8-443B-AEF0-874A662F4331}.Ad-Hoc|ARM.ActiveCfg = Release|ARM
		{8F5D4166-73D8-443B-AEF0-874A662F4331}.Ad-Hoc|ARM.Build.0 = Release|ARM
		{8F5D4166-73D8-443B-AEF0-874A662F4331}.Ad-Hoc|ARM.Deploy.0 = Release|ARM
		{8F5D4166-73D8-443B-AEF0-874A662F4331}.Ad-Hoc|iPhone.ActiveCfg = Release|Any CPU
		{8F5D4166-73D8-443B-AEF0-874A662F4331}.Ad-Hoc|iPhoneSimulator.ActiveCfg = Release|Any CPU
		{8F5D4166-73D8-443B-AEF0-874A662F4331}.Ad-Hoc|Mixed Platforms.ActiveCfg = Release|x86
		{8F5D4166-73D8-443B-AEF0-874A662F4331}.Ad-Hoc|Mixed Platforms.Build.0 = Release|x86
		{8F5D4166-73D8-443B-AEF0-874A662F4331}.Ad-Hoc|Mixed Platforms.Deploy.0 = Release|x86
		{8F5D4166-73D8-443B-AEF0-874A662F4331}.Ad-Hoc|x64.ActiveCfg = Release|x64
		{8F5D4166-73D8-443B-AEF0-874A662F4331}.Ad-Hoc|x64.Build.0 = Release|x64
		{8F5D4166-73D8-443B-AEF0-874A662F4331}.Ad-Hoc|x64.Deploy.0 = Release|x64
		{8F5D4166-73D8-443B-AEF0-874A662F4331}.Ad-Hoc|x86.ActiveCfg = Release|x86
		{8F5D4166-73D8-443B-AEF0-874A662F4331}.Ad-Hoc|x86.Build.0 = Release|x86
		{8F5D4166-73D8-443B-AEF0-874A662F4331}.Ad-Hoc|x86.Deploy.0 = Release|x86
		{8F5D4166-73D8-443B-AEF0-874A662F4331}.AppStore|Any CPU.ActiveCfg = Release|Any CPU
		{8F5D4166-73D8-443B-AEF0-874A662F4331}.AppStore|Any CPU.Build.0 = Release|Any CPU
		{8F5D4166-73D8-443B-AEF0-874A662F4331}.AppStore|Any CPU.Deploy.0 = Release|Any CPU
		{8F5D4166-73D8-443B-AEF0-874A662F4331}.AppStore|ARM.ActiveCfg = Release|ARM
		{8F5D4166-73D8-443B-AEF0-874A662F4331}.AppStore|ARM.Build.0 = Release|ARM
		{8F5D4166-73D8-443B-AEF0-874A662F4331}.AppStore|ARM.Deploy.0 = Release|ARM
		{8F5D4166-73D8-443B-AEF0-874A662F4331}.AppStore|iPhone.ActiveCfg = Release|Any CPU
		{8F5D4166-73D8-443B-AEF0-874A662F4331}.AppStore|iPhoneSimulator.ActiveCfg = Release|Any CPU
		{8F5D4166-73D8-443B-AEF0-874A662F4331}.AppStore|Mixed Platforms.ActiveCfg = Release|x86
		{8F5D4166-73D8-443B-AEF0-874A662F4331}.AppStore|Mixed Platforms.Build.0 = Release|x86
		{8F5D4166-73D8-443B-AEF0-874A662F4331}.AppStore|Mixed Platforms.Deploy.0 = Release|x86
		{8F5D4166-73D8-443B-AEF0-874A662F4331}.AppStore|x64.ActiveCfg = Release|x64
		{8F5D4166-73D8-443B-AEF0-874A662F4331}.AppStore|x64.Build.0 = Release|x64
		{8F5D4166-73D8-443B-AEF0-874A662F4331}.AppStore|x64.Deploy.0 = Release|x64
		{8F5D4166-73D8-443B-AEF0-874A662F4331}.AppStore|x86.ActiveCfg = Release|x86
		{8F5D4166-73D8-443B-AEF0-874A662F4331}.AppStore|x86.Build.0 = Release|x86
		{8F5D4166-73D8-443B-AEF0-874A662F4331}.AppStore|x86.Deploy.0 = Release|x86
		{8F5D4166-73D8-443B-AEF0-874A662F4331}.Debug|Any CPU.ActiveCfg = Debug|Any CPU
		{8F5D4166-73D8-443B-AEF0-874A662F4331}.Debug|Any CPU.Build.0 = Debug|Any CPU
		{8F5D4166-73D8-443B-AEF0-874A662F4331}.Debug|Any CPU.Deploy.0 = Debug|Any CPU
		{8F5D4166-73D8-443B-AEF0-874A662F4331}.Debug|ARM.ActiveCfg = Debug|ARM
		{8F5D4166-73D8-443B-AEF0-874A662F4331}.Debug|ARM.Build.0 = Debug|ARM
		{8F5D4166-73D8-443B-AEF0-874A662F4331}.Debug|ARM.Deploy.0 = Debug|ARM
		{8F5D4166-73D8-443B-AEF0-874A662F4331}.Debug|iPhone.ActiveCfg = Debug|Any CPU
		{8F5D4166-73D8-443B-AEF0-874A662F4331}.Debug|iPhoneSimulator.ActiveCfg = Debug|Any CPU
		{8F5D4166-73D8-443B-AEF0-874A662F4331}.Debug|Mixed Platforms.ActiveCfg = Debug|x86
		{8F5D4166-73D8-443B-AEF0-874A662F4331}.Debug|Mixed Platforms.Build.0 = Debug|x86
		{8F5D4166-73D8-443B-AEF0-874A662F4331}.Debug|Mixed Platforms.Deploy.0 = Debug|x86
		{8F5D4166-73D8-443B-AEF0-874A662F4331}.Debug|x64.ActiveCfg = Debug|x64
		{8F5D4166-73D8-443B-AEF0-874A662F4331}.Debug|x64.Build.0 = Debug|x64
		{8F5D4166-73D8-443B-AEF0-874A662F4331}.Debug|x64.Deploy.0 = Debug|x64
		{8F5D4166-73D8-443B-AEF0-874A662F4331}.Debug|x86.ActiveCfg = Debug|x86
		{8F5D4166-73D8-443B-AEF0-874A662F4331}.Debug|x86.Build.0 = Debug|x86
		{8F5D4166-73D8-443B-AEF0-874A662F4331}.Debug|x86.Deploy.0 = Debug|x86
		{8F5D4166-73D8-443B-AEF0-874A662F4331}.Release|Any CPU.ActiveCfg = Release|Any CPU
		{8F5D4166-73D8-443B-AEF0-874A662F4331}.Release|Any CPU.Build.0 = Release|Any CPU
		{8F5D4166-73D8-443B-AEF0-874A662F4331}.Release|Any CPU.Deploy.0 = Release|Any CPU
		{8F5D4166-73D8-443B-AEF0-874A662F4331}.Release|ARM.ActiveCfg = Release|ARM
		{8F5D4166-73D8-443B-AEF0-874A662F4331}.Release|ARM.Build.0 = Release|ARM
		{8F5D4166-73D8-443B-AEF0-874A662F4331}.Release|ARM.Deploy.0 = Release|ARM
		{8F5D4166-73D8-443B-AEF0-874A662F4331}.Release|iPhone.ActiveCfg = Release|Any CPU
		{8F5D4166-73D8-443B-AEF0-874A662F4331}.Release|iPhoneSimulator.ActiveCfg = Release|Any CPU
		{8F5D4166-73D8-443B-AEF0-874A662F4331}.Release|Mixed Platforms.ActiveCfg = Release|x86
		{8F5D4166-73D8-443B-AEF0-874A662F4331}.Release|Mixed Platforms.Build.0 = Release|x86
		{8F5D4166-73D8-443B-AEF0-874A662F4331}.Release|Mixed Platforms.Deploy.0 = Release|x86
		{8F5D4166-73D8-443B-AEF0-874A662F4331}.Release|x64.ActiveCfg = Release|x64
		{8F5D4166-73D8-443B-AEF0-874A662F4331}.Release|x64.Build.0 = Release|x64
		{8F5D4166-73D8-443B-AEF0-874A662F4331}.Release|x64.Deploy.0 = Release|x64
		{8F5D4166-73D8-443B-AEF0-874A662F4331}.Release|x86.ActiveCfg = Release|x86
		{8F5D4166-73D8-443B-AEF0-874A662F4331}.Release|x86.Build.0 = Release|x86
		{8F5D4166-73D8-443B-AEF0-874A662F4331}.Release|x86.Deploy.0 = Release|x86
		{E3825366-CDFB-46FF-AF0F-A5EA1F5888C4}.Ad-Hoc|Any CPU.ActiveCfg = Release|Any CPU
		{E3825366-CDFB-46FF-AF0F-A5EA1F5888C4}.Ad-Hoc|Any CPU.Build.0 = Release|Any CPU
		{E3825366-CDFB-46FF-AF0F-A5EA1F5888C4}.Ad-Hoc|ARM.ActiveCfg = Release|Any CPU
		{E3825366-CDFB-46FF-AF0F-A5EA1F5888C4}.Ad-Hoc|iPhone.ActiveCfg = Release|Any CPU
		{E3825366-CDFB-46FF-AF0F-A5EA1F5888C4}.Ad-Hoc|iPhoneSimulator.ActiveCfg = Release|Any CPU
		{E3825366-CDFB-46FF-AF0F-A5EA1F5888C4}.Ad-Hoc|Mixed Platforms.ActiveCfg = Release|Any CPU
		{E3825366-CDFB-46FF-AF0F-A5EA1F5888C4}.Ad-Hoc|Mixed Platforms.Build.0 = Release|Any CPU
		{E3825366-CDFB-46FF-AF0F-A5EA1F5888C4}.Ad-Hoc|x64.ActiveCfg = Release|Any CPU
		{E3825366-CDFB-46FF-AF0F-A5EA1F5888C4}.Ad-Hoc|x86.ActiveCfg = Release|Any CPU
		{E3825366-CDFB-46FF-AF0F-A5EA1F5888C4}.AppStore|Any CPU.ActiveCfg = Release|Any CPU
		{E3825366-CDFB-46FF-AF0F-A5EA1F5888C4}.AppStore|Any CPU.Build.0 = Release|Any CPU
		{E3825366-CDFB-46FF-AF0F-A5EA1F5888C4}.AppStore|ARM.ActiveCfg = Release|Any CPU
		{E3825366-CDFB-46FF-AF0F-A5EA1F5888C4}.AppStore|iPhone.ActiveCfg = Release|Any CPU
		{E3825366-CDFB-46FF-AF0F-A5EA1F5888C4}.AppStore|iPhoneSimulator.ActiveCfg = Release|Any CPU
		{E3825366-CDFB-46FF-AF0F-A5EA1F5888C4}.AppStore|Mixed Platforms.ActiveCfg = Release|Any CPU
		{E3825366-CDFB-46FF-AF0F-A5EA1F5888C4}.AppStore|Mixed Platforms.Build.0 = Release|Any CPU
		{E3825366-CDFB-46FF-AF0F-A5EA1F5888C4}.AppStore|x64.ActiveCfg = Release|Any CPU
		{E3825366-CDFB-46FF-AF0F-A5EA1F5888C4}.AppStore|x86.ActiveCfg = Release|Any CPU
		{E3825366-CDFB-46FF-AF0F-A5EA1F5888C4}.Debug|Any CPU.ActiveCfg = Debug|Any CPU
		{E3825366-CDFB-46FF-AF0F-A5EA1F5888C4}.Debug|Any CPU.Build.0 = Debug|Any CPU
		{E3825366-CDFB-46FF-AF0F-A5EA1F5888C4}.Debug|ARM.ActiveCfg = Debug|Any CPU
		{E3825366-CDFB-46FF-AF0F-A5EA1F5888C4}.Debug|iPhone.ActiveCfg = Debug|Any CPU
		{E3825366-CDFB-46FF-AF0F-A5EA1F5888C4}.Debug|iPhoneSimulator.ActiveCfg = Debug|Any CPU
		{E3825366-CDFB-46FF-AF0F-A5EA1F5888C4}.Debug|Mixed Platforms.ActiveCfg = Debug|Any CPU
		{E3825366-CDFB-46FF-AF0F-A5EA1F5888C4}.Debug|Mixed Platforms.Build.0 = Debug|Any CPU
		{E3825366-CDFB-46FF-AF0F-A5EA1F5888C4}.Debug|x64.ActiveCfg = Debug|Any CPU
		{E3825366-CDFB-46FF-AF0F-A5EA1F5888C4}.Debug|x86.ActiveCfg = Debug|Any CPU
		{E3825366-CDFB-46FF-AF0F-A5EA1F5888C4}.Release|Any CPU.ActiveCfg = Release|Any CPU
		{E3825366-CDFB-46FF-AF0F-A5EA1F5888C4}.Release|Any CPU.Build.0 = Release|Any CPU
		{E3825366-CDFB-46FF-AF0F-A5EA1F5888C4}.Release|ARM.ActiveCfg = Release|Any CPU
		{E3825366-CDFB-46FF-AF0F-A5EA1F5888C4}.Release|iPhone.ActiveCfg = Release|Any CPU
		{E3825366-CDFB-46FF-AF0F-A5EA1F5888C4}.Release|iPhoneSimulator.ActiveCfg = Release|Any CPU
		{E3825366-CDFB-46FF-AF0F-A5EA1F5888C4}.Release|Mixed Platforms.ActiveCfg = Release|Any CPU
		{E3825366-CDFB-46FF-AF0F-A5EA1F5888C4}.Release|Mixed Platforms.Build.0 = Release|Any CPU
		{E3825366-CDFB-46FF-AF0F-A5EA1F5888C4}.Release|x64.ActiveCfg = Release|Any CPU
		{E3825366-CDFB-46FF-AF0F-A5EA1F5888C4}.Release|x86.ActiveCfg = Release|Any CPU
		{DAFECB7F-3295-4123-A147-EA2D792A018D}.Ad-Hoc|Any CPU.ActiveCfg = Release|Any CPU
		{DAFECB7F-3295-4123-A147-EA2D792A018D}.Ad-Hoc|Any CPU.Build.0 = Release|Any CPU
		{DAFECB7F-3295-4123-A147-EA2D792A018D}.Ad-Hoc|Any CPU.Deploy.0 = Release|Any CPU
		{DAFECB7F-3295-4123-A147-EA2D792A018D}.Ad-Hoc|ARM.ActiveCfg = Release|Any CPU
		{DAFECB7F-3295-4123-A147-EA2D792A018D}.Ad-Hoc|iPhone.ActiveCfg = Release|Any CPU
		{DAFECB7F-3295-4123-A147-EA2D792A018D}.Ad-Hoc|iPhoneSimulator.ActiveCfg = Release|Any CPU
		{DAFECB7F-3295-4123-A147-EA2D792A018D}.Ad-Hoc|Mixed Platforms.ActiveCfg = Release|Any CPU
		{DAFECB7F-3295-4123-A147-EA2D792A018D}.Ad-Hoc|Mixed Platforms.Build.0 = Release|Any CPU
		{DAFECB7F-3295-4123-A147-EA2D792A018D}.Ad-Hoc|Mixed Platforms.Deploy.0 = Release|Any CPU
		{DAFECB7F-3295-4123-A147-EA2D792A018D}.Ad-Hoc|x64.ActiveCfg = Release|Any CPU
		{DAFECB7F-3295-4123-A147-EA2D792A018D}.Ad-Hoc|x86.ActiveCfg = Release|Any CPU
		{DAFECB7F-3295-4123-A147-EA2D792A018D}.AppStore|Any CPU.ActiveCfg = Release|Any CPU
		{DAFECB7F-3295-4123-A147-EA2D792A018D}.AppStore|Any CPU.Build.0 = Release|Any CPU
		{DAFECB7F-3295-4123-A147-EA2D792A018D}.AppStore|Any CPU.Deploy.0 = Release|Any CPU
		{DAFECB7F-3295-4123-A147-EA2D792A018D}.AppStore|ARM.ActiveCfg = Release|Any CPU
		{DAFECB7F-3295-4123-A147-EA2D792A018D}.AppStore|iPhone.ActiveCfg = Release|Any CPU
		{DAFECB7F-3295-4123-A147-EA2D792A018D}.AppStore|iPhoneSimulator.ActiveCfg = Release|Any CPU
		{DAFECB7F-3295-4123-A147-EA2D792A018D}.AppStore|Mixed Platforms.ActiveCfg = Release|Any CPU
		{DAFECB7F-3295-4123-A147-EA2D792A018D}.AppStore|Mixed Platforms.Build.0 = Release|Any CPU
		{DAFECB7F-3295-4123-A147-EA2D792A018D}.AppStore|Mixed Platforms.Deploy.0 = Release|Any CPU
		{DAFECB7F-3295-4123-A147-EA2D792A018D}.AppStore|x64.ActiveCfg = Release|Any CPU
		{DAFECB7F-3295-4123-A147-EA2D792A018D}.AppStore|x86.ActiveCfg = Release|Any CPU
		{DAFECB7F-3295-4123-A147-EA2D792A018D}.Debug|Any CPU.ActiveCfg = Debug|Any CPU
		{DAFECB7F-3295-4123-A147-EA2D792A018D}.Debug|Any CPU.Build.0 = Debug|Any CPU
		{DAFECB7F-3295-4123-A147-EA2D792A018D}.Debug|Any CPU.Deploy.0 = Debug|Any CPU
		{DAFECB7F-3295-4123-A147-EA2D792A018D}.Debug|ARM.ActiveCfg = Debug|Any CPU
		{DAFECB7F-3295-4123-A147-EA2D792A018D}.Debug|iPhone.ActiveCfg = Debug|Any CPU
		{DAFECB7F-3295-4123-A147-EA2D792A018D}.Debug|iPhoneSimulator.ActiveCfg = Debug|Any CPU
		{DAFECB7F-3295-4123-A147-EA2D792A018D}.Debug|Mixed Platforms.ActiveCfg = Debug|Any CPU
		{DAFECB7F-3295-4123-A147-EA2D792A018D}.Debug|Mixed Platforms.Build.0 = Debug|Any CPU
		{DAFECB7F-3295-4123-A147-EA2D792A018D}.Debug|Mixed Platforms.Deploy.0 = Debug|Any CPU
		{DAFECB7F-3295-4123-A147-EA2D792A018D}.Debug|x64.ActiveCfg = Debug|Any CPU
		{DAFECB7F-3295-4123-A147-EA2D792A018D}.Debug|x86.ActiveCfg = Debug|Any CPU
		{DAFECB7F-3295-4123-A147-EA2D792A018D}.Release|Any CPU.ActiveCfg = Release|Any CPU
		{DAFECB7F-3295-4123-A147-EA2D792A018D}.Release|Any CPU.Build.0 = Release|Any CPU
		{DAFECB7F-3295-4123-A147-EA2D792A018D}.Release|Any CPU.Deploy.0 = Release|Any CPU
		{DAFECB7F-3295-4123-A147-EA2D792A018D}.Release|ARM.ActiveCfg = Release|Any CPU
		{DAFECB7F-3295-4123-A147-EA2D792A018D}.Release|iPhone.ActiveCfg = Release|Any CPU
		{DAFECB7F-3295-4123-A147-EA2D792A018D}.Release|iPhoneSimulator.ActiveCfg = Release|Any CPU
		{DAFECB7F-3295-4123-A147-EA2D792A018D}.Release|Mixed Platforms.ActiveCfg = Release|Any CPU
		{DAFECB7F-3295-4123-A147-EA2D792A018D}.Release|Mixed Platforms.Build.0 = Release|Any CPU
		{DAFECB7F-3295-4123-A147-EA2D792A018D}.Release|Mixed Platforms.Deploy.0 = Release|Any CPU
		{DAFECB7F-3295-4123-A147-EA2D792A018D}.Release|x64.ActiveCfg = Release|Any CPU
		{DAFECB7F-3295-4123-A147-EA2D792A018D}.Release|x86.ActiveCfg = Release|Any CPU
		{96E9B4BD-49CC-4657-9694-EF801E031577}.Ad-Hoc|Any CPU.ActiveCfg = Release|Any CPU
		{96E9B4BD-49CC-4657-9694-EF801E031577}.Ad-Hoc|Any CPU.Build.0 = Release|Any CPU
		{96E9B4BD-49CC-4657-9694-EF801E031577}.Ad-Hoc|ARM.ActiveCfg = Release|Any CPU
		{96E9B4BD-49CC-4657-9694-EF801E031577}.Ad-Hoc|iPhone.ActiveCfg = Release|Any CPU
		{96E9B4BD-49CC-4657-9694-EF801E031577}.Ad-Hoc|iPhoneSimulator.ActiveCfg = Release|Any CPU
		{96E9B4BD-49CC-4657-9694-EF801E031577}.Ad-Hoc|Mixed Platforms.ActiveCfg = Release|Any CPU
		{96E9B4BD-49CC-4657-9694-EF801E031577}.Ad-Hoc|Mixed Platforms.Build.0 = Release|Any CPU
		{96E9B4BD-49CC-4657-9694-EF801E031577}.Ad-Hoc|x64.ActiveCfg = Release|Any CPU
		{96E9B4BD-49CC-4657-9694-EF801E031577}.Ad-Hoc|x86.ActiveCfg = Release|Any CPU
		{96E9B4BD-49CC-4657-9694-EF801E031577}.AppStore|Any CPU.ActiveCfg = Release|Any CPU
		{96E9B4BD-49CC-4657-9694-EF801E031577}.AppStore|Any CPU.Build.0 = Release|Any CPU
		{96E9B4BD-49CC-4657-9694-EF801E031577}.AppStore|ARM.ActiveCfg = Release|Any CPU
		{96E9B4BD-49CC-4657-9694-EF801E031577}.AppStore|iPhone.ActiveCfg = Release|Any CPU
		{96E9B4BD-49CC-4657-9694-EF801E031577}.AppStore|iPhoneSimulator.ActiveCfg = Release|Any CPU
		{96E9B4BD-49CC-4657-9694-EF801E031577}.AppStore|Mixed Platforms.ActiveCfg = Release|Any CPU
		{96E9B4BD-49CC-4657-9694-EF801E031577}.AppStore|Mixed Platforms.Build.0 = Release|Any CPU
		{96E9B4BD-49CC-4657-9694-EF801E031577}.AppStore|x64.ActiveCfg = Release|Any CPU
		{96E9B4BD-49CC-4657-9694-EF801E031577}.AppStore|x86.ActiveCfg = Release|Any CPU
		{96E9B4BD-49CC-4657-9694-EF801E031577}.Debug|Any CPU.ActiveCfg = Debug|Any CPU
		{96E9B4BD-49CC-4657-9694-EF801E031577}.Debug|Any CPU.Build.0 = Debug|Any CPU
		{96E9B4BD-49CC-4657-9694-EF801E031577}.Debug|ARM.ActiveCfg = Debug|Any CPU
		{96E9B4BD-49CC-4657-9694-EF801E031577}.Debug|iPhone.ActiveCfg = Debug|Any CPU
		{96E9B4BD-49CC-4657-9694-EF801E031577}.Debug|iPhoneSimulator.ActiveCfg = Debug|Any CPU
		{96E9B4BD-49CC-4657-9694-EF801E031577}.Debug|Mixed Platforms.ActiveCfg = Debug|Any CPU
		{96E9B4BD-49CC-4657-9694-EF801E031577}.Debug|Mixed Platforms.Build.0 = Debug|Any CPU
		{96E9B4BD-49CC-4657-9694-EF801E031577}.Debug|x64.ActiveCfg = Debug|Any CPU
		{96E9B4BD-49CC-4657-9694-EF801E031577}.Debug|x86.ActiveCfg = Debug|Any CPU
		{96E9B4BD-49CC-4657-9694-EF801E031577}.Release|Any CPU.ActiveCfg = Release|Any CPU
		{96E9B4BD-49CC-4657-9694-EF801E031577}.Release|Any CPU.Build.0 = Release|Any CPU
		{96E9B4BD-49CC-4657-9694-EF801E031577}.Release|ARM.ActiveCfg = Release|Any CPU
		{96E9B4BD-49CC-4657-9694-EF801E031577}.Release|iPhone.ActiveCfg = Release|Any CPU
		{96E9B4BD-49CC-4657-9694-EF801E031577}.Release|iPhoneSimulator.ActiveCfg = Release|Any CPU
		{96E9B4BD-49CC-4657-9694-EF801E031577}.Release|Mixed Platforms.ActiveCfg = Release|Any CPU
		{96E9B4BD-49CC-4657-9694-EF801E031577}.Release|Mixed Platforms.Build.0 = Release|Any CPU
		{96E9B4BD-49CC-4657-9694-EF801E031577}.Release|x64.ActiveCfg = Release|Any CPU
		{96E9B4BD-49CC-4657-9694-EF801E031577}.Release|x86.ActiveCfg = Release|Any CPU
	EndGlobalSection
	GlobalSection(SolutionProperties) = preSolution
		HideSolutionNode = FALSE
	EndGlobalSection
EndGlobal
